// !$*UTF8*$!
{
	archiveVersion = 1;
	classes = {
	};
	objectVersion = 46;
	objects = {

/* Begin PBXBuildFile section */
		1F577BB21CD31569009B8CCE /* AppDelegate.swift in Sources */ = {isa = PBXBuildFile; fileRef = 1F577BB11CD31569009B8CCE /* AppDelegate.swift */; };
		1F577BB41CD31569009B8CCE /* GameScene.sks in Resources */ = {isa = PBXBuildFile; fileRef = 1F577BB31CD31569009B8CCE /* GameScene.sks */; };
		1F577BB61CD31569009B8CCE /* GameScene.swift in Sources */ = {isa = PBXBuildFile; fileRef = 1F577BB51CD31569009B8CCE /* GameScene.swift */; };
		1F577BB81CD31569009B8CCE /* GameViewController.swift in Sources */ = {isa = PBXBuildFile; fileRef = 1F577BB71CD31569009B8CCE /* GameViewController.swift */; };
		1F577BBB1CD31569009B8CCE /* Main.storyboard in Resources */ = {isa = PBXBuildFile; fileRef = 1F577BB91CD31569009B8CCE /* Main.storyboard */; };
		1F577BBD1CD31569009B8CCE /* Assets.xcassets in Resources */ = {isa = PBXBuildFile; fileRef = 1F577BBC1CD31569009B8CCE /* Assets.xcassets */; };
		1F577BC01CD31569009B8CCE /* LaunchScreen.storyboard in Resources */ = {isa = PBXBuildFile; fileRef = 1F577BBE1CD31569009B8CCE /* LaunchScreen.storyboard */; };
		1F577BCB1CD31569009B8CCE /* GovnoTests.swift in Sources */ = {isa = PBXBuildFile; fileRef = 1F577BCA1CD31569009B8CCE /* GovnoTests.swift */; };
		1F577BD61CD31569009B8CCE /* GovnoUITests.swift in Sources */ = {isa = PBXBuildFile; fileRef = 1F577BD51CD31569009B8CCE /* GovnoUITests.swift */; };
		1F577BE41CD31B49009B8CCE /* Parrot_Massage.gif in Resources */ = {isa = PBXBuildFile; fileRef = 1F577BE31CD31B49009B8CCE /* Parrot_Massage.gif */; };
		1F577BE61CD31BAF009B8CCE /* pesun.png in Resources */ = {isa = PBXBuildFile; fileRef = 1F577BE51CD31BAF009B8CCE /* pesun.png */; };
/* End PBXBuildFile section */

/* Begin PBXContainerItemProxy section */
		1F577BC71CD31569009B8CCE /* PBXContainerItemProxy */ = {
			isa = PBXContainerItemProxy;
			containerPortal = 1F577BA61CD31569009B8CCE /* Project object */;
			proxyType = 1;
			remoteGlobalIDString = 1F577BAD1CD31569009B8CCE;
			remoteInfo = Govno;
		};
		1F577BD21CD31569009B8CCE /* PBXContainerItemProxy */ = {
			isa = PBXContainerItemProxy;
			containerPortal = 1F577BA61CD31569009B8CCE /* Project object */;
			proxyType = 1;
			remoteGlobalIDString = 1F577BAD1CD31569009B8CCE;
			remoteInfo = Govno;
		};
/* End PBXContainerItemProxy section */

/* Begin PBXFileReference section */
		1F577BAE1CD31569009B8CCE /* Govno.app */ = {isa = PBXFileReference; explicitFileType = wrapper.application; includeInIndex = 0; path = Govno.app; sourceTree = BUILT_PRODUCTS_DIR; };
		1F577BB11CD31569009B8CCE /* AppDelegate.swift */ = {isa = PBXFileReference; lastKnownFileType = sourcecode.swift; path = AppDelegate.swift; sourceTree = "<group>"; };
		1F577BB31CD31569009B8CCE /* GameScene.sks */ = {isa = PBXFileReference; lastKnownFileType = file.sks; path = GameScene.sks; sourceTree = "<group>"; };
		1F577BB51CD31569009B8CCE /* GameScene.swift */ = {isa = PBXFileReference; lastKnownFileType = sourcecode.swift; path = GameScene.swift; sourceTree = "<group>"; };
		1F577BB71CD31569009B8CCE /* GameViewController.swift */ = {isa = PBXFileReference; lastKnownFileType = sourcecode.swift; path = GameViewController.swift; sourceTree = "<group>"; };
		1F577BBA1CD31569009B8CCE /* Base */ = {isa = PBXFileReference; lastKnownFileType = file.storyboard; name = Base; path = Base.lproj/Main.storyboard; sourceTree = "<group>"; };
		1F577BBC1CD31569009B8CCE /* Assets.xcassets */ = {isa = PBXFileReference; lastKnownFileType = folder.assetcatalog; path = Assets.xcassets; sourceTree = "<group>"; };
		1F577BBF1CD31569009B8CCE /* Base */ = {isa = PBXFileReference; lastKnownFileType = file.storyboard; name = Base; path = Base.lproj/LaunchScreen.storyboard; sourceTree = "<group>"; };
		1F577BC11CD31569009B8CCE /* Info.plist */ = {isa = PBXFileReference; lastKnownFileType = text.plist.xml; path = Info.plist; sourceTree = "<group>"; };
		1F577BC61CD31569009B8CCE /* GovnoTests.xctest */ = {isa = PBXFileReference; explicitFileType = wrapper.cfbundle; includeInIndex = 0; path = GovnoTests.xctest; sourceTree = BUILT_PRODUCTS_DIR; };
		1F577BCA1CD31569009B8CCE /* GovnoTests.swift */ = {isa = PBXFileReference; lastKnownFileType = sourcecode.swift; path = GovnoTests.swift; sourceTree = "<group>"; };
		1F577BCC1CD31569009B8CCE /* Info.plist */ = {isa = PBXFileReference; lastKnownFileType = text.plist.xml; path = Info.plist; sourceTree = "<group>"; };
		1F577BD11CD31569009B8CCE /* GovnoUITests.xctest */ = {isa = PBXFileReference; explicitFileType = wrapper.cfbundle; includeInIndex = 0; path = GovnoUITests.xctest; sourceTree = BUILT_PRODUCTS_DIR; };
		1F577BD51CD31569009B8CCE /* GovnoUITests.swift */ = {isa = PBXFileReference; lastKnownFileType = sourcecode.swift; path = GovnoUITests.swift; sourceTree = "<group>"; };
		1F577BD71CD31569009B8CCE /* Info.plist */ = {isa = PBXFileReference; lastKnownFileType = text.plist.xml; path = Info.plist; sourceTree = "<group>"; };
		1F577BE31CD31B49009B8CCE /* Parrot_Massage.gif */ = {isa = PBXFileReference; lastKnownFileType = image.gif; name = Parrot_Massage.gif; path = ../../../../Downloads/Parrot_Massage.gif; sourceTree = "<group>"; };
		1F577BE51CD31BAF009B8CCE /* pesun.png */ = {isa = PBXFileReference; lastKnownFileType = image.png; name = pesun.png; path = "../../../../Library/Mobile Documents/com~apple~CloudDocs/pesun.png"; sourceTree = "<group>"; };
/* End PBXFileReference section */

/* Begin PBXFrameworksBuildPhase section */
		1F577BAB1CD31569009B8CCE /* Frameworks */ = {
			isa = PBXFrameworksBuildPhase;
			buildActionMask = 2147483647;
			files = (
			);
			runOnlyForDeploymentPostprocessing = 0;
		};
		1F577BC31CD31569009B8CCE /* Frameworks */ = {
			isa = PBXFrameworksBuildPhase;
			buildActionMask = 2147483647;
			files = (
			);
			runOnlyForDeploymentPostprocessing = 0;
		};
		1F577BCE1CD31569009B8CCE /* Frameworks */ = {
			isa = PBXFrameworksBuildPhase;
			buildActionMask = 2147483647;
			files = (
			);
			runOnlyForDeploymentPostprocessing = 0;
		};
/* End PBXFrameworksBuildPhase section */

/* Begin PBXGroup section */
		1F577BA51CD31569009B8CCE = {
			isa = PBXGroup;
			children = (
				1F577BB01CD31569009B8CCE /* Govno */,
				1F577BC91CD31569009B8CCE /* GovnoTests */,
				1F577BD41CD31569009B8CCE /* GovnoUITests */,
				1F577BAF1CD31569009B8CCE /* Products */,
			);
			sourceTree = "<group>";
		};
		1F577BAF1CD31569009B8CCE /* Products */ = {
			isa = PBXGroup;
			children = (
				1F577BAE1CD31569009B8CCE /* Govno.app */,
				1F577BC61CD31569009B8CCE /* GovnoTests.xctest */,
				1F577BD11CD31569009B8CCE /* GovnoUITests.xctest */,
			);
			name = Products;
			sourceTree = "<group>";
		};
		1F577BB01CD31569009B8CCE /* Govno */ = {
			isa = PBXGroup;
			children = (
				1F577BB11CD31569009B8CCE /* AppDelegate.swift */,
				1F577BE51CD31BAF009B8CCE /* pesun.png */,
				1F577BE31CD31B49009B8CCE /* Parrot_Massage.gif */,
				1F577BB31CD31569009B8CCE /* GameScene.sks */,
				1F577BB51CD31569009B8CCE /* GameScene.swift */,
				1F577BB71CD31569009B8CCE /* GameViewController.swift */,
				1F577BB91CD31569009B8CCE /* Main.storyboard */,
				1F577BBC1CD31569009B8CCE /* Assets.xcassets */,
				1F577BBE1CD31569009B8CCE /* LaunchScreen.storyboard */,
				1F577BC11CD31569009B8CCE /* Info.plist */,
			);
			path = Govno;
			sourceTree = "<group>";
		};
		1F577BC91CD31569009B8CCE /* GovnoTests */ = {
			isa = PBXGroup;
			children = (
				1F577BCA1CD31569009B8CCE /* GovnoTests.swift */,
				1F577BCC1CD31569009B8CCE /* Info.plist */,
			);
			path = GovnoTests;
			sourceTree = "<group>";
		};
		1F577BD41CD31569009B8CCE /* GovnoUITests */ = {
			isa = PBXGroup;
			children = (
				1F577BD51CD31569009B8CCE /* GovnoUITests.swift */,
				1F577BD71CD31569009B8CCE /* Info.plist */,
			);
			path = GovnoUITests;
			sourceTree = "<group>";
		};
/* End PBXGroup section */

/* Begin PBXNativeTarget section */
		1F577BAD1CD31569009B8CCE /* Govno */ = {
			isa = PBXNativeTarget;
			buildConfigurationList = 1F577BDA1CD31569009B8CCE /* Build configuration list for PBXNativeTarget "Govno" */;
			buildPhases = (
				1F577BAA1CD31569009B8CCE /* Sources */,
				1F577BAB1CD31569009B8CCE /* Frameworks */,
				1F577BAC1CD31569009B8CCE /* Resources */,
			);
			buildRules = (
			);
			dependencies = (
			);
			name = Govno;
			productName = Govno;
			productReference = 1F577BAE1CD31569009B8CCE /* Govno.app */;
			productType = "com.apple.product-type.application";
		};
		1F577BC51CD31569009B8CCE /* GovnoTests */ = {
			isa = PBXNativeTarget;
			buildConfigurationList = 1F577BDD1CD31569009B8CCE /* Build configuration list for PBXNativeTarget "GovnoTests" */;
			buildPhases = (
				1F577BC21CD31569009B8CCE /* Sources */,
				1F577BC31CD31569009B8CCE /* Frameworks */,
				1F577BC41CD31569009B8CCE /* Resources */,
			);
			buildRules = (
			);
			dependencies = (
				1F577BC81CD31569009B8CCE /* PBXTargetDependency */,
			);
			name = GovnoTests;
			productName = GovnoTests;
			productReference = 1F577BC61CD31569009B8CCE /* GovnoTests.xctest */;
			productType = "com.apple.product-type.bundle.unit-test";
		};
		1F577BD01CD31569009B8CCE /* GovnoUITests */ = {
			isa = PBXNativeTarget;
			buildConfigurationList = 1F577BE01CD31569009B8CCE /* Build configuration list for PBXNativeTarget "GovnoUITests" */;
			buildPhases = (
				1F577BCD1CD31569009B8CCE /* Sources */,
				1F577BCE1CD31569009B8CCE /* Frameworks */,
				1F577BCF1CD31569009B8CCE /* Resources */,
			);
			buildRules = (
			);
			dependencies = (
				1F577BD31CD31569009B8CCE /* PBXTargetDependency */,
			);
			name = GovnoUITests;
			productName = GovnoUITests;
			productReference = 1F577BD11CD31569009B8CCE /* GovnoUITests.xctest */;
			productType = "com.apple.product-type.bundle.ui-testing";
		};
/* End PBXNativeTarget section */

/* Begin PBXProject section */
		1F577BA61CD31569009B8CCE /* Project object */ = {
			isa = PBXProject;
			attributes = {
				LastSwiftUpdateCheck = 0730;
				LastUpgradeCheck = 0730;
				ORGANIZATIONNAME = "Женя";
				TargetAttributes = {
					1F577BAD1CD31569009B8CCE = {
						CreatedOnToolsVersion = 7.3;
					};
					1F577BC51CD31569009B8CCE = {
						CreatedOnToolsVersion = 7.3;
						TestTargetID = 1F577BAD1CD31569009B8CCE;
					};
					1F577BD01CD31569009B8CCE = {
						CreatedOnToolsVersion = 7.3;
						TestTargetID = 1F577BAD1CD31569009B8CCE;
					};
				};
			};
			buildConfigurationList = 1F577BA91CD31569009B8CCE /* Build configuration list for PBXProject "Govno" */;
			compatibilityVersion = "Xcode 3.2";
			developmentRegion = English;
			hasScannedForEncodings = 0;
			knownRegions = (
				en,
				Base,
			);
			mainGroup = 1F577BA51CD31569009B8CCE;
			productRefGroup = 1F577BAF1CD31569009B8CCE /* Products */;
			projectDirPath = "";
			projectRoot = "";
			targets = (
				1F577BAD1CD31569009B8CCE /* Govno */,
				1F577BC51CD31569009B8CCE /* GovnoTests */,
				1F577BD01CD31569009B8CCE /* GovnoUITests */,
			);
		};
/* End PBXProject section */

/* Begin PBXResourcesBuildPhase section */
		1F577BAC1CD31569009B8CCE /* Resources */ = {
			isa = PBXResourcesBuildPhase;
			buildActionMask = 2147483647;
			files = (
				1F577BB41CD31569009B8CCE /* GameScene.sks in Resources */,
				1F577BE61CD31BAF009B8CCE /* pesun.png in Resources */,
				1F577BC01CD31569009B8CCE /* LaunchScreen.storyboard in Resources */,
				1F577BBD1CD31569009B8CCE /* Assets.xcassets in Resources */,
				1F577BE41CD31B49009B8CCE /* Parrot_Massage.gif in Resources */,
				1F577BBB1CD31569009B8CCE /* Main.storyboard in Resources */,
			);
			runOnlyForDeploymentPostprocessing = 0;
		};
		1F577BC41CD31569009B8CCE /* Resources */ = {
			isa = PBXResourcesBuildPhase;
			buildActionMask = 2147483647;
			files = (
			);
			runOnlyForDeploymentPostprocessing = 0;
		};
		1F577BCF1CD31569009B8CCE /* Resources */ = {
			isa = PBXResourcesBuildPhase;
			buildActionMask = 2147483647;
			files = (
			);
			runOnlyForDeploymentPostprocessing = 0;
		};
/* End PBXResourcesBuildPhase section */

/* Begin PBXSourcesBuildPhase section */
		1F577BAA1CD31569009B8CCE /* Sources */ = {
			isa = PBXSourcesBuildPhase;
			buildActionMask = 2147483647;
			files = (
				1F577BB61CD31569009B8CCE /* GameScene.swift in Sources */,
				1F577BB81CD31569009B8CCE /* GameViewController.swift in Sources */,
				1F577BB21CD31569009B8CCE /* AppDelegate.swift in Sources */,
			);
			runOnlyForDeploymentPostprocessing = 0;
		};
		1F577BC21CD31569009B8CCE /* Sources */ = {
			isa = PBXSourcesBuildPhase;
			buildActionMask = 2147483647;
			files = (
				1F577BCB1CD31569009B8CCE /* GovnoTests.swift in Sources */,
			);
			runOnlyForDeploymentPostprocessing = 0;
		};
		1F577BCD1CD31569009B8CCE /* Sources */ = {
			isa = PBXSourcesBuildPhase;
			buildActionMask = 2147483647;
			files = (
				1F577BD61CD31569009B8CCE /* GovnoUITests.swift in Sources */,
			);
			runOnlyForDeploymentPostprocessing = 0;
		};
/* End PBXSourcesBuildPhase section */

/* Begin PBXTargetDependency section */
		1F577BC81CD31569009B8CCE /* PBXTargetDependency */ = {
			isa = PBXTargetDependency;
			target = 1F577BAD1CD31569009B8CCE /* Govno */;
			targetProxy = 1F577BC71CD31569009B8CCE /* PBXContainerItemProxy */;
		};
		1F577BD31CD31569009B8CCE /* PBXTargetDependency */ = {
			isa = PBXTargetDependency;
			target = 1F577BAD1CD31569009B8CCE /* Govno */;
			targetProxy = 1F577BD21CD31569009B8CCE /* PBXContainerItemProxy */;
		};
/* End PBXTargetDependency section */

/* Begin PBXVariantGroup section */
		1F577BB91CD31569009B8CCE /* Main.storyboard */ = {
			isa = PBXVariantGroup;
			children = (
				1F577BBA1CD31569009B8CCE /* Base */,
			);
			name = Main.storyboard;
			sourceTree = "<group>";
		};
		1F577BBE1CD31569009B8CCE /* LaunchScreen.storyboard */ = {
			isa = PBXVariantGroup;
			children = (
				1F577BBF1CD31569009B8CCE /* Base */,
			);
			name = LaunchScreen.storyboard;
			sourceTree = "<group>";
		};
/* End PBXVariantGroup section */

/* Begin XCBuildConfiguration section */
		1F577BD81CD31569009B8CCE /* Debug */ = {
			isa = XCBuildConfiguration;
			buildSettings = {
				ALWAYS_SEARCH_USER_PATHS = NO;
				CLANG_ANALYZER_NONNULL = YES;
				CLANG_CXX_LANGUAGE_STANDARD = "gnu++0x";
				CLANG_CXX_LIBRARY = "libc++";
				CLANG_ENABLE_MODULES = YES;
				CLANG_ENABLE_OBJC_ARC = YES;
				CLANG_WARN_BOOL_CONVERSION = YES;
				CLANG_WARN_CONSTANT_CONVERSION = YES;
				CLANG_WARN_DIRECT_OBJC_ISA_USAGE = YES_ERROR;
				CLANG_WARN_EMPTY_BODY = YES;
				CLANG_WARN_ENUM_CONVERSION = YES;
				CLANG_WARN_INT_CONVERSION = YES;
				CLANG_WARN_OBJC_ROOT_CLASS = YES_ERROR;
				CLANG_WARN_UNREACHABLE_CODE = YES;
				CLANG_WARN__DUPLICATE_METHOD_MATCH = YES;
				"CODE_SIGN_IDENTITY[sdk=iphoneos*]" = "iPhone Developer";
				COPY_PHASE_STRIP = NO;
				DEBUG_INFORMATION_FORMAT = "dwarf-with-dsym";
				ENABLE_STRICT_OBJC_MSGSEND = YES;
				ENABLE_TESTABILITY = YES;
				GCC_C_LANGUAGE_STANDARD = gnu99;
				GCC_DYNAMIC_NO_PIC = NO;
				GCC_NO_COMMON_BLOCKS = YES;
				GCC_OPTIMIZATION_LEVEL = 0;
				GCC_PREPROCESSOR_DEFINITIONS = (
					"DEBUG=1",
					"$(inherited)",
				);
				GCC_WARN_64_TO_32_BIT_CONVERSION = YES;
				GCC_WARN_ABOUT_RETURN_TYPE = YES_ERROR;
				GCC_WARN_UNDECLARED_SELECTOR = YES;
				GCC_WARN_UNINITIALIZED_AUTOS = YES_AGGRESSIVE;
				GCC_WARN_UNUSED_FUNCTION = YES;
				GCC_WARN_UNUSED_VARIABLE = YES;
				IPHONEOS_DEPLOYMENT_TARGET = 9.3;
				MTL_ENABLE_DEBUG_INFO = YES;
				ONLY_ACTIVE_ARCH = YES;
				SDKROOT = iphoneos;
				SWIFT_OPTIMIZATION_LEVEL = "-Onone";
				TARGETED_DEVICE_FAMILY = "1,2";
			};
			name = Debug;
		};
		1F577BD91CD31569009B8CCE /* Release */ = {
			isa = XCBuildConfiguration;
			buildSettings = {
				ALWAYS_SEARCH_USER_PATHS = NO;
				CLANG_ANALYZER_NONNULL = YES;
				CLANG_CXX_LANGUAGE_STANDARD = "gnu++0x";
				CLANG_CXX_LIBRARY = "libc++";
				CLANG_ENABLE_MODULES = YES;
				CLANG_ENABLE_OBJC_ARC = YES;
				CLANG_WARN_BOOL_CONVERSION = YES;
				CLANG_WARN_CONSTANT_CONVERSION = YES;
				CLANG_WARN_DIRECT_OBJC_ISA_USAGE = YES_ERROR;
				CLANG_WARN_EMPTY_BODY = YES;
				CLANG_WARN_ENUM_CONVERSION = YES;
				CLANG_WARN_INT_CONVERSION = YES;
				CLANG_WARN_OBJC_ROOT_CLASS = YES_ERROR;
				CLANG_WARN_UNREACHABLE_CODE = YES;
				CLANG_WARN__DUPLICATE_METHOD_MATCH = YES;
				"CODE_SIGN_IDENTITY[sdk=iphoneos*]" = "iPhone Developer";
				COPY_PHASE_STRIP = NO;
				DEBUG_INFORMATION_FORMAT = "dwarf-with-dsym";
				ENABLE_NS_ASSERTIONS = NO;
				ENABLE_STRICT_OBJC_MSGSEND = YES;
				GCC_C_LANGUAGE_STANDARD = gnu99;
				GCC_NO_COMMON_BLOCKS = YES;
				GCC_WARN_64_TO_32_BIT_CONVERSION = YES;
				GCC_WARN_ABOUT_RETURN_TYPE = YES_ERROR;
				GCC_WARN_UNDECLARED_SELECTOR = YES;
				GCC_WARN_UNINITIALIZED_AUTOS = YES_AGGRESSIVE;
				GCC_WARN_UNUSED_FUNCTION = YES;
				GCC_WARN_UNUSED_VARIABLE = YES;
				IPHONEOS_DEPLOYMENT_TARGET = 9.3;
				MTL_ENABLE_DEBUG_INFO = NO;
				SDKROOT = iphoneos;
				TARGETED_DEVICE_FAMILY = "1,2";
				VALIDATE_PRODUCT = YES;
			};
			name = Release;
		};
		1F577BDB1CD31569009B8CCE /* Debug */ = {
			isa = XCBuildConfiguration;
			buildSettings = {
				ASSETCATALOG_COMPILER_APPICON_NAME = AppIcon;
				INFOPLIST_FILE = Govno/Info.plist;
				LD_RUNPATH_SEARCH_PATHS = "$(inherited) @executable_path/Frameworks";
				PRODUCT_BUNDLE_IDENTIFIER = KLASTER.Govno;
				PRODUCT_NAME = "$(TARGET_NAME)";
			};
			name = Debug;
		};
		1F577BDC1CD31569009B8CCE /* Release */ = {
			isa = XCBuildConfiguration;
			buildSettings = {
				ASSETCATALOG_COMPILER_APPICON_NAME = AppIcon;
				INFOPLIST_FILE = Govno/Info.plist;
				LD_RUNPATH_SEARCH_PATHS = "$(inherited) @executable_path/Frameworks";
				PRODUCT_BUNDLE_IDENTIFIER = KLASTER.Govno;
				PRODUCT_NAME = "$(TARGET_NAME)";
			};
			name = Release;
		};
		1F577BDE1CD31569009B8CCE /* Debug */ = {
			isa = XCBuildConfiguration;
			buildSettings = {
				BUNDLE_LOADER = "$(TEST_HOST)";
				DEBUG_INFORMATION_FORMAT = dwarf;
				INFOPLIST_FILE = GovnoTests/Info.plist;
				LD_RUNPATH_SEARCH_PATHS = "$(inherited) @executable_path/Frameworks @loader_path/Frameworks";
				PRODUCT_BUNDLE_IDENTIFIER = KLASTER.GovnoTests;
				PRODUCT_NAME = "$(TARGET_NAME)";
				TEST_HOST = "$(BUILT_PRODUCTS_DIR)/Govno.app/Govno";
			};
			name = Debug;
		};
		1F577BDF1CD31569009B8CCE /* Release */ = {
			isa = XCBuildConfiguration;
			buildSettings = {
				BUNDLE_LOADER = "$(TEST_HOST)";
				INFOPLIST_FILE = GovnoTests/Info.plist;
				LD_RUNPATH_SEARCH_PATHS = "$(inherited) @executable_path/Frameworks @loader_path/Frameworks";
				PRODUCT_BUNDLE_IDENTIFIER = KLASTER.GovnoTests;
				PRODUCT_NAME = "$(TARGET_NAME)";
				TEST_HOST = "$(BUILT_PRODUCTS_DIR)/Govno.app/Govno";
			};
			name = Release;
		};
		1F577BE11CD31569009B8CCE /* Debug */ = {
			isa = XCBuildConfiguration;
			buildSettings = {
				DEBUG_INFORMATION_FORMAT = dwarf;
				INFOPLIST_FILE = GovnoUITests/Info.plist;
				LD_RUNPATH_SEARCH_PATHS = "$(inherited) @executable_path/Frameworks @loader_path/Frameworks";
				PRODUCT_BUNDLE_IDENTIFIER = KLASTER.GovnoUITests;
				PRODUCT_NAME = "$(TARGET_NAME)";
				TEST_TARGET_NAME = Govno;
			};
			name = Debug;
		};
		1F577BE21CD31569009B8CCE /* Release */ = {
			isa = XCBuildConfiguration;
			buildSettings = {
				INFOPLIST_FILE = GovnoUITests/Info.plist;
				LD_RUNPATH_SEARCH_PATHS = "$(inherited) @executable_path/Frameworks @loader_path/Frameworks";
				PRODUCT_BUNDLE_IDENTIFIER = KLASTER.GovnoUITests;
				PRODUCT_NAME = "$(TARGET_NAME)";
				TEST_TARGET_NAME = Govno;
			};
			name = Release;
		};
/* End XCBuildConfiguration section */

/* Begin XCConfigurationList section */
		1F577BA91CD31569009B8CCE /* Build configuration list for PBXProject "Govno" */ = {
			isa = XCConfigurationList;
			buildConfigurations = (
				1F577BD81CD31569009B8CCE /* Debug */,
				1F577BD91CD31569009B8CCE /* Release */,
			);
			defaultConfigurationIsVisible = 0;
			defaultConfigurationName = Release;
		};
		1F577BDA1CD31569009B8CCE /* Build configuration list for PBXNativeTarget "Govno" */ = {
			isa = XCConfigurationList;
			buildConfigurations = (
				1F577BDB1CD31569009B8CCE /* Debug */,
				1F577BDC1CD31569009B8CCE /* Release */,
			);
			defaultConfigurationIsVisible = 0;
		};
		1F577BDD1CD31569009B8CCE /* Build configuration list for PBXNativeTarget "GovnoTests" */ = {
			isa = XCConfigurationList;
			buildConfigurations = (
				1F577BDE1CD31569009B8CCE /* Debug */,
				1F577BDF1CD31569009B8CCE /* Release */,
			);
			defaultConfigurationIsVisible = 0;
		};
		1F577BE01CD31569009B8CCE /* Build configuration list for PBXNativeTarget "GovnoUITests" */ = {
			isa = XCConfigurationList;
			buildConfigurations = (
				1F577BE11CD31569009B8CCE /* Debug */,
				1F577BE21CD31569009B8CCE /* Release */,
			);
			defaultConfigurationIsVisible = 0;
		};
/* End XCConfigurationList section */
	};
	rootObject = 1F577BA61CD31569009B8CCE /* Project object */;
}
