// !$*UTF8*$!
{
	archiveVersion = 1;
	classes = {
	};
	objectVersion = 46;
	objects = {

/* Begin PBXBuildFile section */
		1F4C246A1CD5E55600D3B0DB /* AppDelegate.swift in Sources */ = {isa = PBXBuildFile; fileRef = 1F4C24691CD5E55600D3B0DB /* AppDelegate.swift */; };
		1F4C246C1CD5E55600D3B0DB /* Level 1.sks in Resources */ = {isa = PBXBuildFile; fileRef = 1F4C246B1CD5E55600D3B0DB /* Level 1.sks */; };
		1F4C246E1CD5E55600D3B0DB /* GameScene.swift in Sources */ = {isa = PBXBuildFile; fileRef = 1F4C246D1CD5E55600D3B0DB /* GameScene.swift */; };
		1F4C24701CD5E55600D3B0DB /* GameViewController.swift in Sources */ = {isa = PBXBuildFile; fileRef = 1F4C246F1CD5E55600D3B0DB /* GameViewController.swift */; };
		1F4C24731CD5E55600D3B0DB /* Main.storyboard in Resources */ = {isa = PBXBuildFile; fileRef = 1F4C24711CD5E55600D3B0DB /* Main.storyboard */; };
		1F4C24751CD5E55600D3B0DB /* Assets.xcassets in Resources */ = {isa = PBXBuildFile; fileRef = 1F4C24741CD5E55600D3B0DB /* Assets.xcassets */; };
		1F4C24781CD5E55600D3B0DB /* LaunchScreen.storyboard in Resources */ = {isa = PBXBuildFile; fileRef = 1F4C24761CD5E55600D3B0DB /* LaunchScreen.storyboard */; };
		1F4C24831CD5E55600D3B0DB /* ProjectZXCTests.swift in Sources */ = {isa = PBXBuildFile; fileRef = 1F4C24821CD5E55600D3B0DB /* ProjectZXCTests.swift */; };
		1F4C248E1CD5E55600D3B0DB /* ProjectZXCUITests.swift in Sources */ = {isa = PBXBuildFile; fileRef = 1F4C248D1CD5E55600D3B0DB /* ProjectZXCUITests.swift */; };
		1F6C00A61CE34FCF00A7C8E6 /* Level 2.sks in Resources */ = {isa = PBXBuildFile; fileRef = 1F6C00A51CE34FCF00A7C8E6 /* Level 2.sks */; };
		1FA0E0CE1DB23707004EED92 /* Oop.swift in Sources */ = {isa = PBXBuildFile; fileRef = 1FA0E0CD1DB23707004EED92 /* Oop.swift */; };
		1FA7BB031DB3627F00569FB6 /* Menu.sks in Resources */ = {isa = PBXBuildFile; fileRef = 1FA7BB021DB3627F00569FB6 /* Menu.sks */; };
		1FE0F4001CE6F5B9007E1B98 /* Test_Level.sks in Resources */ = {isa = PBXBuildFile; fileRef = 1FE0F3FF1CE6F5B9007E1B98 /* Test_Level.sks */; };
		1FF6BA481DB47E8A0058BEC2 /* Level 6.sks in Resources */ = {isa = PBXBuildFile; fileRef = 1FF6BA471DB47E8A0058BEC2 /* Level 6.sks */; };
		32257FF11D50AF6F0071BB06 /* stop.png in Resources */ = {isa = PBXBuildFile; fileRef = 32257FF01D50AF6F0071BB06 /* stop.png */; };
		3262F1381D49B3F50056D72B /* buttonLevel.png in Resources */ = {isa = PBXBuildFile; fileRef = 3262F1371D49B3F50056D72B /* buttonLevel.png */; };
		3262F13C1D49B7E90056D72B /* ViewController.swift in Sources */ = {isa = PBXBuildFile; fileRef = 3262F13B1D49B7E90056D72B /* ViewController.swift */; };
		32B94BB91DB4820B00AFAEC2 /* Level 6.sks in Resources */ = {isa = PBXBuildFile; fileRef = 32B94BB81DB4820B00AFAEC2 /* Level 6.sks */; };
		32BE5B8F1CD79BA100C7A815 /* backgroundMainMenu.png in Resources */ = {isa = PBXBuildFile; fileRef = 32BE5B8E1CD79BA100C7A815 /* backgroundMainMenu.png */; };
		32BE5B911CD79C7000C7A815 /* buttonStart.png in Resources */ = {isa = PBXBuildFile; fileRef = 32BE5B901CD79C7000C7A815 /* buttonStart.png */; };
		32E0A4251CF5A9CB00D575A7 /* MyLaunchScreen.png in Resources */ = {isa = PBXBuildFile; fileRef = 32E0A4241CF5A9CB00D575A7 /* MyLaunchScreen.png */; };
		32F5A4291D3CA45B00631FE0 /* Level 3.sks in Resources */ = {isa = PBXBuildFile; fileRef = 32F5A4281D3CA45B00631FE0 /* Level 3.sks */; };
		32F5A42B1D3CA47E00631FE0 /* Level 4.sks in Resources */ = {isa = PBXBuildFile; fileRef = 32F5A42A1D3CA47E00631FE0 /* Level 4.sks */; };
		32F5A42D1D3CA49100631FE0 /* Level 5.sks in Resources */ = {isa = PBXBuildFile; fileRef = 32F5A42C1D3CA49100631FE0 /* Level 5.sks */; };
/* End PBXBuildFile section */

/* Begin PBXContainerItemProxy section */
		1F4C247F1CD5E55600D3B0DB /* PBXContainerItemProxy */ = {
			isa = PBXContainerItemProxy;
			containerPortal = 1F4C245E1CD5E55600D3B0DB /* Project object */;
			proxyType = 1;
			remoteGlobalIDString = 1F4C24651CD5E55600D3B0DB;
			remoteInfo = ProjectZXC;
		};
		1F4C248A1CD5E55600D3B0DB /* PBXContainerItemProxy */ = {
			isa = PBXContainerItemProxy;
			containerPortal = 1F4C245E1CD5E55600D3B0DB /* Project object */;
			proxyType = 1;
			remoteGlobalIDString = 1F4C24651CD5E55600D3B0DB;
			remoteInfo = ProjectZXC;
		};
/* End PBXContainerItemProxy section */

/* Begin PBXFileReference section */
		1F4C24661CD5E55600D3B0DB /* ProjectZXC.app */ = {isa = PBXFileReference; explicitFileType = wrapper.application; includeInIndex = 0; path = ProjectZXC.app; sourceTree = BUILT_PRODUCTS_DIR; };
		1F4C24691CD5E55600D3B0DB /* AppDelegate.swift */ = {isa = PBXFileReference; lastKnownFileType = sourcecode.swift; path = AppDelegate.swift; sourceTree = "<group>"; };
		1F4C246B1CD5E55600D3B0DB /* Level 1.sks */ = {isa = PBXFileReference; lastKnownFileType = file.sks; path = "Level 1.sks"; sourceTree = "<group>"; };
		1F4C246D1CD5E55600D3B0DB /* GameScene.swift */ = {isa = PBXFileReference; lastKnownFileType = sourcecode.swift; path = GameScene.swift; sourceTree = "<group>"; };
		1F4C246F1CD5E55600D3B0DB /* GameViewController.swift */ = {isa = PBXFileReference; lastKnownFileType = sourcecode.swift; path = GameViewController.swift; sourceTree = "<group>"; };
		1F4C24721CD5E55600D3B0DB /* Base */ = {isa = PBXFileReference; lastKnownFileType = file.storyboard; name = Base; path = Base.lproj/Main.storyboard; sourceTree = "<group>"; };
		1F4C24741CD5E55600D3B0DB /* Assets.xcassets */ = {isa = PBXFileReference; lastKnownFileType = folder.assetcatalog; path = Assets.xcassets; sourceTree = "<group>"; };
		1F4C24771CD5E55600D3B0DB /* Base */ = {isa = PBXFileReference; lastKnownFileType = file.storyboard; name = Base; path = Base.lproj/LaunchScreen.storyboard; sourceTree = "<group>"; };
		1F4C24791CD5E55600D3B0DB /* Info.plist */ = {isa = PBXFileReference; lastKnownFileType = text.plist.xml; path = Info.plist; sourceTree = "<group>"; };
		1F4C247E1CD5E55600D3B0DB /* ProjectZXCTests.xctest */ = {isa = PBXFileReference; explicitFileType = wrapper.cfbundle; includeInIndex = 0; path = ProjectZXCTests.xctest; sourceTree = BUILT_PRODUCTS_DIR; };
		1F4C24821CD5E55600D3B0DB /* ProjectZXCTests.swift */ = {isa = PBXFileReference; lastKnownFileType = sourcecode.swift; path = ProjectZXCTests.swift; sourceTree = "<group>"; };
		1F4C24841CD5E55600D3B0DB /* Info.plist */ = {isa = PBXFileReference; lastKnownFileType = text.plist.xml; path = Info.plist; sourceTree = "<group>"; };
		1F4C24891CD5E55600D3B0DB /* ProjectZXCUITests.xctest */ = {isa = PBXFileReference; explicitFileType = wrapper.cfbundle; includeInIndex = 0; path = ProjectZXCUITests.xctest; sourceTree = BUILT_PRODUCTS_DIR; };
		1F4C248D1CD5E55600D3B0DB /* ProjectZXCUITests.swift */ = {isa = PBXFileReference; lastKnownFileType = sourcecode.swift; path = ProjectZXCUITests.swift; sourceTree = "<group>"; };
		1F4C248F1CD5E55600D3B0DB /* Info.plist */ = {isa = PBXFileReference; lastKnownFileType = text.plist.xml; path = Info.plist; sourceTree = "<group>"; };
		1F6C00A51CE34FCF00A7C8E6 /* Level 2.sks */ = {isa = PBXFileReference; lastKnownFileType = file.sks; path = "Level 2.sks"; sourceTree = "<group>"; };
		1FA0E0CD1DB23707004EED92 /* Oop.swift */ = {isa = PBXFileReference; fileEncoding = 4; lastKnownFileType = sourcecode.swift; path = Oop.swift; sourceTree = "<group>"; };
		1FA7BB021DB3627F00569FB6 /* Menu.sks */ = {isa = PBXFileReference; lastKnownFileType = file.sks; path = Menu.sks; sourceTree = "<group>"; };
		1FE0F3FF1CE6F5B9007E1B98 /* Test_Level.sks */ = {isa = PBXFileReference; lastKnownFileType = file.sks; path = Test_Level.sks; sourceTree = "<group>"; };
		1FF6BA471DB47E8A0058BEC2 /* Level 6.sks */ = {isa = PBXFileReference; lastKnownFileType = file.sks; path = "Level 6.sks"; sourceTree = "<group>"; };
		32257FF01D50AF6F0071BB06 /* stop.png */ = {isa = PBXFileReference; lastKnownFileType = image.png; path = stop.png; sourceTree = "<group>"; };
		3262F1371D49B3F50056D72B /* buttonLevel.png */ = {isa = PBXFileReference; lastKnownFileType = image.png; path = buttonLevel.png; sourceTree = "<group>"; };
		3262F13B1D49B7E90056D72B /* ViewController.swift */ = {isa = PBXFileReference; fileEncoding = 4; lastKnownFileType = sourcecode.swift; path = ViewController.swift; sourceTree = "<group>"; };
		32B94BB81DB4820B00AFAEC2 /* Level 6.sks */ = {isa = PBXFileReference; lastKnownFileType = file.sks; path = "Level 6.sks"; sourceTree = "<group>"; };
		32BE5B8E1CD79BA100C7A815 /* backgroundMainMenu.png */ = {isa = PBXFileReference; lastKnownFileType = image.png; name = backgroundMainMenu.png; path = pic/backgroundMainMenu.png; sourceTree = SOURCE_ROOT; };
		32BE5B901CD79C7000C7A815 /* buttonStart.png */ = {isa = PBXFileReference; lastKnownFileType = image.png; name = buttonStart.png; path = pic/buttonStart.png; sourceTree = SOURCE_ROOT; };
		32E0A4241CF5A9CB00D575A7 /* MyLaunchScreen.png */ = {isa = PBXFileReference; lastKnownFileType = image.png; name = MyLaunchScreen.png; path = ../pic/MyLaunchScreen.png; sourceTree = "<group>"; };
		32F5A4281D3CA45B00631FE0 /* Level 3.sks */ = {isa = PBXFileReference; lastKnownFileType = file.sks; name = "Level 3.sks"; path = "../Level 3.sks"; sourceTree = "<group>"; };
		32F5A42A1D3CA47E00631FE0 /* Level 4.sks */ = {isa = PBXFileReference; lastKnownFileType = file.sks; path = "Level 4.sks"; sourceTree = "<group>"; };
		32F5A42C1D3CA49100631FE0 /* Level 5.sks */ = {isa = PBXFileReference; lastKnownFileType = file.sks; path = "Level 5.sks"; sourceTree = "<group>"; };
/* End PBXFileReference section */

/* Begin PBXFrameworksBuildPhase section */
		1F4C24631CD5E55600D3B0DB /* Frameworks */ = {
			isa = PBXFrameworksBuildPhase;
			buildActionMask = 2147483647;
			files = (
			);
			runOnlyForDeploymentPostprocessing = 0;
		};
		1F4C247B1CD5E55600D3B0DB /* Frameworks */ = {
			isa = PBXFrameworksBuildPhase;
			buildActionMask = 2147483647;
			files = (
			);
			runOnlyForDeploymentPostprocessing = 0;
		};
		1F4C24861CD5E55600D3B0DB /* Frameworks */ = {
			isa = PBXFrameworksBuildPhase;
			buildActionMask = 2147483647;
			files = (
			);
			runOnlyForDeploymentPostprocessing = 0;
		};
/* End PBXFrameworksBuildPhase section */

/* Begin PBXGroup section */
		1F4C245D1CD5E55600D3B0DB = {
			isa = PBXGroup;
			children = (
				1F4C24681CD5E55600D3B0DB /* ProjectZXC */,
				1F4C24811CD5E55600D3B0DB /* ProjectZXCTests */,
				1F4C248C1CD5E55600D3B0DB /* ProjectZXCUITests */,
				1F4C24671CD5E55600D3B0DB /* Products */,
			);
			sourceTree = "<group>";
		};
		1F4C24671CD5E55600D3B0DB /* Products */ = {
			isa = PBXGroup;
			children = (
				1F4C24661CD5E55600D3B0DB /* ProjectZXC.app */,
				1F4C247E1CD5E55600D3B0DB /* ProjectZXCTests.xctest */,
				1F4C24891CD5E55600D3B0DB /* ProjectZXCUITests.xctest */,
			);
			name = Products;
			sourceTree = "<group>";
		};
		1F4C24681CD5E55600D3B0DB /* ProjectZXC */ = {
			isa = PBXGroup;
			children = (
				1FDFC02C1CD7A3FA00A3F56D /* Scene */,
				32BE5B8D1CD79B8B00C7A815 /* Menu_Image */,
				1F4C24691CD5E55600D3B0DB /* AppDelegate.swift */,
				1F4C246F1CD5E55600D3B0DB /* GameViewController.swift */,
				1F4C24711CD5E55600D3B0DB /* Main.storyboard */,
				3262F13B1D49B7E90056D72B /* ViewController.swift */,
				1F4C24741CD5E55600D3B0DB /* Assets.xcassets */,
				1F4C24761CD5E55600D3B0DB /* LaunchScreen.storyboard */,
				1F4C24791CD5E55600D3B0DB /* Info.plist */,
			);
			path = ProjectZXC;
			sourceTree = "<group>";
		};
		1F4C24811CD5E55600D3B0DB /* ProjectZXCTests */ = {
			isa = PBXGroup;
			children = (
				1F4C24821CD5E55600D3B0DB /* ProjectZXCTests.swift */,
				1F4C24841CD5E55600D3B0DB /* Info.plist */,
			);
			path = ProjectZXCTests;
			sourceTree = "<group>";
		};
		1F4C248C1CD5E55600D3B0DB /* ProjectZXCUITests */ = {
			isa = PBXGroup;
			children = (
				1F4C248D1CD5E55600D3B0DB /* ProjectZXCUITests.swift */,
				1F4C248F1CD5E55600D3B0DB /* Info.plist */,
			);
			path = ProjectZXCUITests;
			sourceTree = "<group>";
		};
		1FA08D661D3E1A2D00A4BA06 /* Levels */ = {
			isa = PBXGroup;
			children = (
				1F4C246B1CD5E55600D3B0DB /* Level 1.sks */,
				1F6C00A51CE34FCF00A7C8E6 /* Level 2.sks */,
				32F5A4281D3CA45B00631FE0 /* Level 3.sks */,
				32F5A42A1D3CA47E00631FE0 /* Level 4.sks */,
				32F5A42C1D3CA49100631FE0 /* Level 5.sks */,
<<<<<<< Updated upstream
				1FF6BA471DB47E8A0058BEC2 /* Level 6.sks */,
=======
				32B94BB81DB4820B00AFAEC2 /* Level 6.sks */,
>>>>>>> Stashed changes
			);
			name = Levels;
			sourceTree = "<group>";
		};
		1FDFC02C1CD7A3FA00A3F56D /* Scene */ = {
			isa = PBXGroup;
			children = (
				1FA08D661D3E1A2D00A4BA06 /* Levels */,
				1FE0F3FF1CE6F5B9007E1B98 /* Test_Level.sks */,
				1FA0E0CD1DB23707004EED92 /* Oop.swift */,
				1FA7BB021DB3627F00569FB6 /* Menu.sks */,
				1F4C246D1CD5E55600D3B0DB /* GameScene.swift */,
			);
			name = Scene;
			sourceTree = "<group>";
		};
		32BE5B8D1CD79B8B00C7A815 /* Menu_Image */ = {
			isa = PBXGroup;
			children = (
				3262F1371D49B3F50056D72B /* buttonLevel.png */,
				32257FF01D50AF6F0071BB06 /* stop.png */,
				32BE5B901CD79C7000C7A815 /* buttonStart.png */,
				32E0A4241CF5A9CB00D575A7 /* MyLaunchScreen.png */,
				32BE5B8E1CD79BA100C7A815 /* backgroundMainMenu.png */,
			);
			name = Menu_Image;
			sourceTree = "<group>";
		};
/* End PBXGroup section */

/* Begin PBXNativeTarget section */
		1F4C24651CD5E55600D3B0DB /* ProjectZXC */ = {
			isa = PBXNativeTarget;
			buildConfigurationList = 1F4C24921CD5E55600D3B0DB /* Build configuration list for PBXNativeTarget "ProjectZXC" */;
			buildPhases = (
				1F4C24621CD5E55600D3B0DB /* Sources */,
				1F4C24631CD5E55600D3B0DB /* Frameworks */,
				1F4C24641CD5E55600D3B0DB /* Resources */,
			);
			buildRules = (
			);
			dependencies = (
			);
			name = ProjectZXC;
			productName = ProjectZXC;
			productReference = 1F4C24661CD5E55600D3B0DB /* ProjectZXC.app */;
			productType = "com.apple.product-type.application";
		};
		1F4C247D1CD5E55600D3B0DB /* ProjectZXCTests */ = {
			isa = PBXNativeTarget;
			buildConfigurationList = 1F4C24951CD5E55600D3B0DB /* Build configuration list for PBXNativeTarget "ProjectZXCTests" */;
			buildPhases = (
				1F4C247A1CD5E55600D3B0DB /* Sources */,
				1F4C247B1CD5E55600D3B0DB /* Frameworks */,
				1F4C247C1CD5E55600D3B0DB /* Resources */,
			);
			buildRules = (
			);
			dependencies = (
				1F4C24801CD5E55600D3B0DB /* PBXTargetDependency */,
			);
			name = ProjectZXCTests;
			productName = ProjectZXCTests;
			productReference = 1F4C247E1CD5E55600D3B0DB /* ProjectZXCTests.xctest */;
			productType = "com.apple.product-type.bundle.unit-test";
		};
		1F4C24881CD5E55600D3B0DB /* ProjectZXCUITests */ = {
			isa = PBXNativeTarget;
			buildConfigurationList = 1F4C24981CD5E55600D3B0DB /* Build configuration list for PBXNativeTarget "ProjectZXCUITests" */;
			buildPhases = (
				1F4C24851CD5E55600D3B0DB /* Sources */,
				1F4C24861CD5E55600D3B0DB /* Frameworks */,
				1F4C24871CD5E55600D3B0DB /* Resources */,
			);
			buildRules = (
			);
			dependencies = (
				1F4C248B1CD5E55600D3B0DB /* PBXTargetDependency */,
			);
			name = ProjectZXCUITests;
			productName = ProjectZXCUITests;
			productReference = 1F4C24891CD5E55600D3B0DB /* ProjectZXCUITests.xctest */;
			productType = "com.apple.product-type.bundle.ui-testing";
		};
/* End PBXNativeTarget section */

/* Begin PBXProject section */
		1F4C245E1CD5E55600D3B0DB /* Project object */ = {
			isa = PBXProject;
			attributes = {
				KnownAssetTags = (
					leveltwo,
				);
				LastSwiftUpdateCheck = 0730;
				LastUpgradeCheck = 0800;
				ORGANIZATIONNAME = "Женя";
				TargetAttributes = {
					1F4C24651CD5E55600D3B0DB = {
						CreatedOnToolsVersion = 7.3;
						DevelopmentTeam = WQJY67GDJL;
						LastSwiftMigration = 0800;
					};
					1F4C247D1CD5E55600D3B0DB = {
						CreatedOnToolsVersion = 7.3;
						LastSwiftMigration = 0800;
						TestTargetID = 1F4C24651CD5E55600D3B0DB;
					};
					1F4C24881CD5E55600D3B0DB = {
						CreatedOnToolsVersion = 7.3;
						LastSwiftMigration = 0800;
						TestTargetID = 1F4C24651CD5E55600D3B0DB;
					};
				};
			};
			buildConfigurationList = 1F4C24611CD5E55600D3B0DB /* Build configuration list for PBXProject "ProjectZXC" */;
			compatibilityVersion = "Xcode 3.2";
			developmentRegion = English;
			hasScannedForEncodings = 0;
			knownRegions = (
				en,
				Base,
			);
			mainGroup = 1F4C245D1CD5E55600D3B0DB;
			productRefGroup = 1F4C24671CD5E55600D3B0DB /* Products */;
			projectDirPath = "";
			projectRoot = "";
			targets = (
				1F4C24651CD5E55600D3B0DB /* ProjectZXC */,
				1F4C247D1CD5E55600D3B0DB /* ProjectZXCTests */,
				1F4C24881CD5E55600D3B0DB /* ProjectZXCUITests */,
			);
		};
/* End PBXProject section */

/* Begin PBXResourcesBuildPhase section */
		1F4C24641CD5E55600D3B0DB /* Resources */ = {
			isa = PBXResourcesBuildPhase;
			buildActionMask = 2147483647;
			files = (
				32F5A42B1D3CA47E00631FE0 /* Level 4.sks in Resources */,
				1F4C246C1CD5E55600D3B0DB /* Level 1.sks in Resources */,
				1F6C00A61CE34FCF00A7C8E6 /* Level 2.sks in Resources */,
				32257FF11D50AF6F0071BB06 /* stop.png in Resources */,
				32E0A4251CF5A9CB00D575A7 /* MyLaunchScreen.png in Resources */,
				1FE0F4001CE6F5B9007E1B98 /* Test_Level.sks in Resources */,
				32BE5B8F1CD79BA100C7A815 /* backgroundMainMenu.png in Resources */,
				32BE5B911CD79C7000C7A815 /* buttonStart.png in Resources */,
<<<<<<< Updated upstream
				1FF6BA481DB47E8A0058BEC2 /* Level 6.sks in Resources */,
=======
				32B94BB91DB4820B00AFAEC2 /* Level 6.sks in Resources */,
>>>>>>> Stashed changes
				1F4C24781CD5E55600D3B0DB /* LaunchScreen.storyboard in Resources */,
				1F4C24751CD5E55600D3B0DB /* Assets.xcassets in Resources */,
				32F5A42D1D3CA49100631FE0 /* Level 5.sks in Resources */,
				1FA7BB031DB3627F00569FB6 /* Menu.sks in Resources */,
				1F4C24731CD5E55600D3B0DB /* Main.storyboard in Resources */,
				3262F1381D49B3F50056D72B /* buttonLevel.png in Resources */,
				32F5A4291D3CA45B00631FE0 /* Level 3.sks in Resources */,
			);
			runOnlyForDeploymentPostprocessing = 0;
		};
		1F4C247C1CD5E55600D3B0DB /* Resources */ = {
			isa = PBXResourcesBuildPhase;
			buildActionMask = 2147483647;
			files = (
			);
			runOnlyForDeploymentPostprocessing = 0;
		};
		1F4C24871CD5E55600D3B0DB /* Resources */ = {
			isa = PBXResourcesBuildPhase;
			buildActionMask = 2147483647;
			files = (
			);
			runOnlyForDeploymentPostprocessing = 0;
		};
/* End PBXResourcesBuildPhase section */

/* Begin PBXSourcesBuildPhase section */
		1F4C24621CD5E55600D3B0DB /* Sources */ = {
			isa = PBXSourcesBuildPhase;
			buildActionMask = 2147483647;
			files = (
				1FA0E0CE1DB23707004EED92 /* Oop.swift in Sources */,
				1F4C246E1CD5E55600D3B0DB /* GameScene.swift in Sources */,
				1F4C24701CD5E55600D3B0DB /* GameViewController.swift in Sources */,
				3262F13C1D49B7E90056D72B /* ViewController.swift in Sources */,
				1F4C246A1CD5E55600D3B0DB /* AppDelegate.swift in Sources */,
			);
			runOnlyForDeploymentPostprocessing = 0;
		};
		1F4C247A1CD5E55600D3B0DB /* Sources */ = {
			isa = PBXSourcesBuildPhase;
			buildActionMask = 2147483647;
			files = (
				1F4C24831CD5E55600D3B0DB /* ProjectZXCTests.swift in Sources */,
			);
			runOnlyForDeploymentPostprocessing = 0;
		};
		1F4C24851CD5E55600D3B0DB /* Sources */ = {
			isa = PBXSourcesBuildPhase;
			buildActionMask = 2147483647;
			files = (
				1F4C248E1CD5E55600D3B0DB /* ProjectZXCUITests.swift in Sources */,
			);
			runOnlyForDeploymentPostprocessing = 0;
		};
/* End PBXSourcesBuildPhase section */

/* Begin PBXTargetDependency section */
		1F4C24801CD5E55600D3B0DB /* PBXTargetDependency */ = {
			isa = PBXTargetDependency;
			target = 1F4C24651CD5E55600D3B0DB /* ProjectZXC */;
			targetProxy = 1F4C247F1CD5E55600D3B0DB /* PBXContainerItemProxy */;
		};
		1F4C248B1CD5E55600D3B0DB /* PBXTargetDependency */ = {
			isa = PBXTargetDependency;
			target = 1F4C24651CD5E55600D3B0DB /* ProjectZXC */;
			targetProxy = 1F4C248A1CD5E55600D3B0DB /* PBXContainerItemProxy */;
		};
/* End PBXTargetDependency section */

/* Begin PBXVariantGroup section */
		1F4C24711CD5E55600D3B0DB /* Main.storyboard */ = {
			isa = PBXVariantGroup;
			children = (
				1F4C24721CD5E55600D3B0DB /* Base */,
			);
			name = Main.storyboard;
			sourceTree = "<group>";
		};
		1F4C24761CD5E55600D3B0DB /* LaunchScreen.storyboard */ = {
			isa = PBXVariantGroup;
			children = (
				1F4C24771CD5E55600D3B0DB /* Base */,
			);
			name = LaunchScreen.storyboard;
			sourceTree = "<group>";
		};
/* End PBXVariantGroup section */

/* Begin XCBuildConfiguration section */
		1F4C24901CD5E55600D3B0DB /* Debug */ = {
			isa = XCBuildConfiguration;
			buildSettings = {
				ALWAYS_SEARCH_USER_PATHS = NO;
				CLANG_ANALYZER_NONNULL = YES;
				CLANG_CXX_LANGUAGE_STANDARD = "gnu++0x";
				CLANG_CXX_LIBRARY = "libc++";
				CLANG_ENABLE_MODULES = YES;
				CLANG_ENABLE_OBJC_ARC = YES;
				CLANG_WARN_BOOL_CONVERSION = YES;
				CLANG_WARN_CONSTANT_CONVERSION = YES;
				CLANG_WARN_DIRECT_OBJC_ISA_USAGE = YES_ERROR;
				CLANG_WARN_EMPTY_BODY = YES;
				CLANG_WARN_ENUM_CONVERSION = YES;
				CLANG_WARN_INFINITE_RECURSION = YES;
				CLANG_WARN_INT_CONVERSION = YES;
				CLANG_WARN_OBJC_ROOT_CLASS = YES_ERROR;
				CLANG_WARN_SUSPICIOUS_MOVE = YES;
				CLANG_WARN_UNREACHABLE_CODE = YES;
				CLANG_WARN__DUPLICATE_METHOD_MATCH = YES;
				"CODE_SIGN_IDENTITY[sdk=iphoneos*]" = "iPhone Developer";
				COPY_PHASE_STRIP = NO;
				DEBUG_INFORMATION_FORMAT = "dwarf-with-dsym";
				ENABLE_STRICT_OBJC_MSGSEND = YES;
				ENABLE_TESTABILITY = YES;
				GCC_C_LANGUAGE_STANDARD = gnu99;
				GCC_DYNAMIC_NO_PIC = NO;
				GCC_NO_COMMON_BLOCKS = YES;
				GCC_OPTIMIZATION_LEVEL = 0;
				GCC_PREPROCESSOR_DEFINITIONS = (
					"DEBUG=1",
					"$(inherited)",
				);
				GCC_WARN_64_TO_32_BIT_CONVERSION = YES;
				GCC_WARN_ABOUT_RETURN_TYPE = YES_ERROR;
				GCC_WARN_UNDECLARED_SELECTOR = YES;
				GCC_WARN_UNINITIALIZED_AUTOS = YES_AGGRESSIVE;
				GCC_WARN_UNUSED_FUNCTION = YES;
				GCC_WARN_UNUSED_VARIABLE = YES;
				IPHONEOS_DEPLOYMENT_TARGET = 9.1;
				MTL_ENABLE_DEBUG_INFO = YES;
				ONLY_ACTIVE_ARCH = YES;
				SDKROOT = iphoneos;
				SWIFT_OPTIMIZATION_LEVEL = "-Onone";
				TARGETED_DEVICE_FAMILY = "1,2";
			};
			name = Debug;
		};
		1F4C24911CD5E55600D3B0DB /* Release */ = {
			isa = XCBuildConfiguration;
			buildSettings = {
				ALWAYS_SEARCH_USER_PATHS = NO;
				CLANG_ANALYZER_NONNULL = YES;
				CLANG_CXX_LANGUAGE_STANDARD = "gnu++0x";
				CLANG_CXX_LIBRARY = "libc++";
				CLANG_ENABLE_MODULES = YES;
				CLANG_ENABLE_OBJC_ARC = YES;
				CLANG_WARN_BOOL_CONVERSION = YES;
				CLANG_WARN_CONSTANT_CONVERSION = YES;
				CLANG_WARN_DIRECT_OBJC_ISA_USAGE = YES_ERROR;
				CLANG_WARN_EMPTY_BODY = YES;
				CLANG_WARN_ENUM_CONVERSION = YES;
				CLANG_WARN_INFINITE_RECURSION = YES;
				CLANG_WARN_INT_CONVERSION = YES;
				CLANG_WARN_OBJC_ROOT_CLASS = YES_ERROR;
				CLANG_WARN_SUSPICIOUS_MOVE = YES;
				CLANG_WARN_UNREACHABLE_CODE = YES;
				CLANG_WARN__DUPLICATE_METHOD_MATCH = YES;
				"CODE_SIGN_IDENTITY[sdk=iphoneos*]" = "iPhone Developer";
				COPY_PHASE_STRIP = NO;
				DEBUG_INFORMATION_FORMAT = "dwarf-with-dsym";
				ENABLE_NS_ASSERTIONS = NO;
				ENABLE_STRICT_OBJC_MSGSEND = YES;
				GCC_C_LANGUAGE_STANDARD = gnu99;
				GCC_NO_COMMON_BLOCKS = YES;
				GCC_WARN_64_TO_32_BIT_CONVERSION = YES;
				GCC_WARN_ABOUT_RETURN_TYPE = YES_ERROR;
				GCC_WARN_UNDECLARED_SELECTOR = YES;
				GCC_WARN_UNINITIALIZED_AUTOS = YES_AGGRESSIVE;
				GCC_WARN_UNUSED_FUNCTION = YES;
				GCC_WARN_UNUSED_VARIABLE = YES;
				IPHONEOS_DEPLOYMENT_TARGET = 9.1;
				MTL_ENABLE_DEBUG_INFO = NO;
				SDKROOT = iphoneos;
				SWIFT_OPTIMIZATION_LEVEL = "-Owholemodule";
				TARGETED_DEVICE_FAMILY = "1,2";
				VALIDATE_PRODUCT = YES;
			};
			name = Release;
		};
		1F4C24931CD5E55600D3B0DB /* Debug */ = {
			isa = XCBuildConfiguration;
			buildSettings = {
				ASSETCATALOG_COMPILER_APPICON_NAME = AppIcon;
				CODE_SIGN_IDENTITY = "iPhone Developer";
				"CODE_SIGN_IDENTITY[sdk=iphoneos*]" = "iPhone Developer";
				DEVELOPMENT_TEAM = WQJY67GDJL;
				INFOPLIST_FILE = ProjectZXC/Info.plist;
				IPHONEOS_DEPLOYMENT_TARGET = 10.0;
				LD_RUNPATH_SEARCH_PATHS = "$(inherited) @executable_path/Frameworks";
				PRODUCT_BUNDLE_IDENTIFIER = lolka1;
				PRODUCT_NAME = "$(TARGET_NAME)";
				PROVISIONING_PROFILE = "";
				SWIFT_VERSION = 3.0;
			};
			name = Debug;
		};
		1F4C24941CD5E55600D3B0DB /* Release */ = {
			isa = XCBuildConfiguration;
			buildSettings = {
				ASSETCATALOG_COMPILER_APPICON_NAME = AppIcon;
				CODE_SIGN_IDENTITY = "iPhone Developer";
				"CODE_SIGN_IDENTITY[sdk=iphoneos*]" = "iPhone Developer";
				DEVELOPMENT_TEAM = WQJY67GDJL;
				INFOPLIST_FILE = ProjectZXC/Info.plist;
				IPHONEOS_DEPLOYMENT_TARGET = 10.0;
				LD_RUNPATH_SEARCH_PATHS = "$(inherited) @executable_path/Frameworks";
				PRODUCT_BUNDLE_IDENTIFIER = lolka1;
				PRODUCT_NAME = "$(TARGET_NAME)";
				PROVISIONING_PROFILE = "";
				SWIFT_VERSION = 3.0;
			};
			name = Release;
		};
		1F4C24961CD5E55600D3B0DB /* Debug */ = {
			isa = XCBuildConfiguration;
			buildSettings = {
				BUNDLE_LOADER = "$(TEST_HOST)";
				DEBUG_INFORMATION_FORMAT = dwarf;
				INFOPLIST_FILE = ProjectZXCTests/Info.plist;
				LD_RUNPATH_SEARCH_PATHS = "$(inherited) @executable_path/Frameworks @loader_path/Frameworks";
				PRODUCT_BUNDLE_IDENTIFIER = KLASTER.ProjectZXCTests;
				PRODUCT_NAME = "$(TARGET_NAME)";
				SWIFT_VERSION = 3.0;
				TEST_HOST = "$(BUILT_PRODUCTS_DIR)/ProjectZXC.app/ProjectZXC";
			};
			name = Debug;
		};
		1F4C24971CD5E55600D3B0DB /* Release */ = {
			isa = XCBuildConfiguration;
			buildSettings = {
				BUNDLE_LOADER = "$(TEST_HOST)";
				INFOPLIST_FILE = ProjectZXCTests/Info.plist;
				LD_RUNPATH_SEARCH_PATHS = "$(inherited) @executable_path/Frameworks @loader_path/Frameworks";
				PRODUCT_BUNDLE_IDENTIFIER = KLASTER.ProjectZXCTests;
				PRODUCT_NAME = "$(TARGET_NAME)";
				SWIFT_VERSION = 3.0;
				TEST_HOST = "$(BUILT_PRODUCTS_DIR)/ProjectZXC.app/ProjectZXC";
			};
			name = Release;
		};
		1F4C24991CD5E55600D3B0DB /* Debug */ = {
			isa = XCBuildConfiguration;
			buildSettings = {
				DEBUG_INFORMATION_FORMAT = dwarf;
				INFOPLIST_FILE = ProjectZXCUITests/Info.plist;
				LD_RUNPATH_SEARCH_PATHS = "$(inherited) @executable_path/Frameworks @loader_path/Frameworks";
				PRODUCT_BUNDLE_IDENTIFIER = KLASTER.ProjectZXCUITests;
				PRODUCT_NAME = "$(TARGET_NAME)";
				SWIFT_VERSION = 3.0;
				TEST_TARGET_NAME = ProjectZXC;
			};
			name = Debug;
		};
		1F4C249A1CD5E55600D3B0DB /* Release */ = {
			isa = XCBuildConfiguration;
			buildSettings = {
				INFOPLIST_FILE = ProjectZXCUITests/Info.plist;
				LD_RUNPATH_SEARCH_PATHS = "$(inherited) @executable_path/Frameworks @loader_path/Frameworks";
				PRODUCT_BUNDLE_IDENTIFIER = KLASTER.ProjectZXCUITests;
				PRODUCT_NAME = "$(TARGET_NAME)";
				SWIFT_VERSION = 3.0;
				TEST_TARGET_NAME = ProjectZXC;
			};
			name = Release;
		};
/* End XCBuildConfiguration section */

/* Begin XCConfigurationList section */
		1F4C24611CD5E55600D3B0DB /* Build configuration list for PBXProject "ProjectZXC" */ = {
			isa = XCConfigurationList;
			buildConfigurations = (
				1F4C24901CD5E55600D3B0DB /* Debug */,
				1F4C24911CD5E55600D3B0DB /* Release */,
			);
			defaultConfigurationIsVisible = 0;
			defaultConfigurationName = Release;
		};
		1F4C24921CD5E55600D3B0DB /* Build configuration list for PBXNativeTarget "ProjectZXC" */ = {
			isa = XCConfigurationList;
			buildConfigurations = (
				1F4C24931CD5E55600D3B0DB /* Debug */,
				1F4C24941CD5E55600D3B0DB /* Release */,
			);
			defaultConfigurationIsVisible = 0;
			defaultConfigurationName = Release;
		};
		1F4C24951CD5E55600D3B0DB /* Build configuration list for PBXNativeTarget "ProjectZXCTests" */ = {
			isa = XCConfigurationList;
			buildConfigurations = (
				1F4C24961CD5E55600D3B0DB /* Debug */,
				1F4C24971CD5E55600D3B0DB /* Release */,
			);
			defaultConfigurationIsVisible = 0;
			defaultConfigurationName = Release;
		};
		1F4C24981CD5E55600D3B0DB /* Build configuration list for PBXNativeTarget "ProjectZXCUITests" */ = {
			isa = XCConfigurationList;
			buildConfigurations = (
				1F4C24991CD5E55600D3B0DB /* Debug */,
				1F4C249A1CD5E55600D3B0DB /* Release */,
			);
			defaultConfigurationIsVisible = 0;
			defaultConfigurationName = Release;
		};
/* End XCConfigurationList section */
	};
	rootObject = 1F4C245E1CD5E55600D3B0DB /* Project object */;
}
