// !$*UTF8*$!
{
	archiveVersion = 1;
	classes = {
	};
	objectVersion = 46;
	objects = {

/* Begin PBXBuildFile section */
		1F1E11D91DB4DB0F0006631B /* Level 7.sks in Resources */ = {isa = PBXBuildFile; fileRef = 1F1E11D81DB4DB0F0006631B /* Level 7.sks */; };
		1F1E11DB1DB4DB5A0006631B /* Level 8.sks in Resources */ = {isa = PBXBuildFile; fileRef = 1F1E11DA1DB4DB5A0006631B /* Level 8.sks */; };
		1F1E11DD1DB4DBCD0006631B /* Level 9.sks in Resources */ = {isa = PBXBuildFile; fileRef = 1F1E11DC1DB4DBCD0006631B /* Level 9.sks */; };
		1F1E11DF1DB4DC430006631B /* Level 10.sks in Resources */ = {isa = PBXBuildFile; fileRef = 1F1E11DE1DB4DC430006631B /* Level 10.sks */; };
		1F1E11E11DB4DCBB0006631B /* Level 11.sks in Resources */ = {isa = PBXBuildFile; fileRef = 1F1E11E01DB4DCBB0006631B /* Level 11.sks */; };
		1F1E11E31DB4DDB40006631B /* Level 12.sks in Resources */ = {isa = PBXBuildFile; fileRef = 1F1E11E21DB4DDB40006631B /* Level 12.sks */; };
		1F4C246A1CD5E55600D3B0DB /* AppDelegate.swift in Sources */ = {isa = PBXBuildFile; fileRef = 1F4C24691CD5E55600D3B0DB /* AppDelegate.swift */; };
		1F4C246C1CD5E55600D3B0DB /* Level 1.sks in Resources */ = {isa = PBXBuildFile; fileRef = 1F4C246B1CD5E55600D3B0DB /* Level 1.sks */; };
		1F4C24751CD5E55600D3B0DB /* Assets.xcassets in Resources */ = {isa = PBXBuildFile; fileRef = 1F4C24741CD5E55600D3B0DB /* Assets.xcassets */; };
		1F4C24781CD5E55600D3B0DB /* LaunchScreen.storyboard in Resources */ = {isa = PBXBuildFile; fileRef = 1F4C24761CD5E55600D3B0DB /* LaunchScreen.storyboard */; };
		1F4C24831CD5E55600D3B0DB /* ProjectZXCTests.swift in Sources */ = {isa = PBXBuildFile; fileRef = 1F4C24821CD5E55600D3B0DB /* ProjectZXCTests.swift */; };
		1F4C248E1CD5E55600D3B0DB /* ProjectZXCUITests.swift in Sources */ = {isa = PBXBuildFile; fileRef = 1F4C248D1CD5E55600D3B0DB /* ProjectZXCUITests.swift */; };
		1F6C00A61CE34FCF00A7C8E6 /* Level 2.sks in Resources */ = {isa = PBXBuildFile; fileRef = 1F6C00A51CE34FCF00A7C8E6 /* Level 2.sks */; };
		1F6D66B81DBFBA90001EE597 /* TO DO.rtf in Resources */ = {isa = PBXBuildFile; fileRef = 1F6D66B71DBFBA90001EE597 /* TO DO.rtf */; };
		1F7047BF1DC3558300C35C12 /* Level 13.sks in Resources */ = {isa = PBXBuildFile; fileRef = 1F7047BE1DC3558300C35C12 /* Level 13.sks */; };
		1F7047C11DC355AC00C35C12 /* Level 14.sks in Resources */ = {isa = PBXBuildFile; fileRef = 1F7047C01DC355AC00C35C12 /* Level 14.sks */; };
		1F7047C31DC355B700C35C12 /* Level 15.sks in Resources */ = {isa = PBXBuildFile; fileRef = 1F7047C21DC355B700C35C12 /* Level 15.sks */; };
		1F7047C51DC355C800C35C12 /* Level 16.sks in Resources */ = {isa = PBXBuildFile; fileRef = 1F7047C41DC355C800C35C12 /* Level 16.sks */; };
		1F7047C71DC3561200C35C12 /* Level 17.sks in Resources */ = {isa = PBXBuildFile; fileRef = 1F7047C61DC3561200C35C12 /* Level 17.sks */; };
		1F7047C91DC3563100C35C12 /* Level 18.sks in Resources */ = {isa = PBXBuildFile; fileRef = 1F7047C81DC3563100C35C12 /* Level 18.sks */; };
		1F7047CB1DC3566600C35C12 /* Level 19.sks in Resources */ = {isa = PBXBuildFile; fileRef = 1F7047CA1DC3566600C35C12 /* Level 19.sks */; };
		1F7047CD1DC356B300C35C12 /* Level 20.sks in Resources */ = {isa = PBXBuildFile; fileRef = 1F7047CC1DC356B300C35C12 /* Level 20.sks */; };
		1F7047CF1DC356C200C35C12 /* Level 21.sks in Resources */ = {isa = PBXBuildFile; fileRef = 1F7047CE1DC356C200C35C12 /* Level 21.sks */; };
		1F7047D11DC3571700C35C12 /* Level 22.sks in Resources */ = {isa = PBXBuildFile; fileRef = 1F7047D01DC3571700C35C12 /* Level 22.sks */; };
		1F7047D31DC3572700C35C12 /* Level 23.sks in Resources */ = {isa = PBXBuildFile; fileRef = 1F7047D21DC3572700C35C12 /* Level 23.sks */; };
		1F7047D51DC3573800C35C12 /* Level 24.sks in Resources */ = {isa = PBXBuildFile; fileRef = 1F7047D41DC3573800C35C12 /* Level 24.sks */; };
		1F7047D71DC357A600C35C12 /* Level 25.sks in Resources */ = {isa = PBXBuildFile; fileRef = 1F7047D61DC357A600C35C12 /* Level 25.sks */; };
		1F7047D91DC357B500C35C12 /* Level 26.sks in Resources */ = {isa = PBXBuildFile; fileRef = 1F7047D81DC357B500C35C12 /* Level 26.sks */; };
		1F7047DB1DC357D600C35C12 /* Level 27.sks in Resources */ = {isa = PBXBuildFile; fileRef = 1F7047DA1DC357D600C35C12 /* Level 27.sks */; };
		1F7047DD1DC357E900C35C12 /* Level 28.sks in Resources */ = {isa = PBXBuildFile; fileRef = 1F7047DC1DC357E900C35C12 /* Level 28.sks */; };
		1F7047DF1DC358A100C35C12 /* Level 29.sks in Resources */ = {isa = PBXBuildFile; fileRef = 1F7047DE1DC358A100C35C12 /* Level 29.sks */; };
		1F7047E11DC35A3500C35C12 /* Level 30.sks in Resources */ = {isa = PBXBuildFile; fileRef = 1F7047E01DC35A3500C35C12 /* Level 30.sks */; };
		1F7ED10B1E3FA551007D232D /* libz.tbd in Frameworks */ = {isa = PBXBuildFile; fileRef = 1F7ED10A1E3FA551007D232D /* libz.tbd */; };
		1F8F1CC01E3FA614001FDF1E /* AdSupport.framework in Frameworks */ = {isa = PBXBuildFile; fileRef = 1F8F1CBF1E3FA614001FDF1E /* AdSupport.framework */; };
		1F8F1CC21E3FA626001FDF1E /* CoreGraphics.framework in Frameworks */ = {isa = PBXBuildFile; fileRef = 1F8F1CC11E3FA626001FDF1E /* CoreGraphics.framework */; };
		1F8F1CC41E3FA633001FDF1E /* Foundation.framework in Frameworks */ = {isa = PBXBuildFile; fileRef = 1F8F1CC31E3FA633001FDF1E /* Foundation.framework */; };
		1F8F1CC61E3FA647001FDF1E /* MediaPlayer.framework in Frameworks */ = {isa = PBXBuildFile; fileRef = 1F8F1CC51E3FA647001FDF1E /* MediaPlayer.framework */; };
		1F8F1CCA1E3FA664001FDF1E /* UIKit.framework in Frameworks */ = {isa = PBXBuildFile; fileRef = 1F8F1CC91E3FA664001FDF1E /* UIKit.framework */; };
		1FAF3EBF1E3A1A22001CBA65 /* Level 0.sks in Resources */ = {isa = PBXBuildFile; fileRef = 1FAF3EBE1E3A1A22001CBA65 /* Level 0.sks */; };
		1FAF8EC21E3E1D1E008388AE /* GoogleService-Info.plist in Resources */ = {isa = PBXBuildFile; fileRef = 1FAF8EC11E3E1D1E008388AE /* GoogleService-Info.plist */; };
		1FB4830F1DC367A700067D4B /* Level 31.sks in Resources */ = {isa = PBXBuildFile; fileRef = 1FB4830E1DC367A700067D4B /* Level 31.sks */; };
		1FB483111DC367B600067D4B /* Level 32.sks in Resources */ = {isa = PBXBuildFile; fileRef = 1FB483101DC367B600067D4B /* Level 32.sks */; };
		1FB483131DC367C200067D4B /* Level 33.sks in Resources */ = {isa = PBXBuildFile; fileRef = 1FB483121DC367C200067D4B /* Level 33.sks */; };
		1FB483151DC367CF00067D4B /* Level 34.sks in Resources */ = {isa = PBXBuildFile; fileRef = 1FB483141DC367CF00067D4B /* Level 34.sks */; };
		1FB483171DC3681000067D4B /* Level 35.sks in Resources */ = {isa = PBXBuildFile; fileRef = 1FB483161DC3681000067D4B /* Level 35.sks */; };
		1FB483191DC368E300067D4B /* Level 36.sks in Resources */ = {isa = PBXBuildFile; fileRef = 1FB483181DC368E300067D4B /* Level 36.sks */; };
		1FB4831B1DC3692E00067D4B /* Level 37.sks in Resources */ = {isa = PBXBuildFile; fileRef = 1FB4831A1DC3692E00067D4B /* Level 37.sks */; };
		1FB4831D1DC369E600067D4B /* Level 38.sks in Resources */ = {isa = PBXBuildFile; fileRef = 1FB4831C1DC369E600067D4B /* Level 38.sks */; };
		1FB4831F1DC369FC00067D4B /* Level 39.sks in Resources */ = {isa = PBXBuildFile; fileRef = 1FB4831E1DC369FC00067D4B /* Level 39.sks */; };
		1FB483211DC36A1400067D4B /* Level 40.sks in Resources */ = {isa = PBXBuildFile; fileRef = 1FB483201DC36A1400067D4B /* Level 40.sks */; };
		1FB483231DC36A2100067D4B /* Level 41.sks in Resources */ = {isa = PBXBuildFile; fileRef = 1FB483221DC36A2100067D4B /* Level 41.sks */; };
		1FB483251DC36A3100067D4B /* Level 42.sks in Resources */ = {isa = PBXBuildFile; fileRef = 1FB483241DC36A3100067D4B /* Level 42.sks */; };
		1FB483271DC36A4400067D4B /* Level 43.sks in Resources */ = {isa = PBXBuildFile; fileRef = 1FB483261DC36A4400067D4B /* Level 43.sks */; };
		1FB483291DC36A7700067D4B /* Level 44.sks in Resources */ = {isa = PBXBuildFile; fileRef = 1FB483281DC36A7700067D4B /* Level 44.sks */; };
		1FB4832B1DC36AB700067D4B /* Level 45.sks in Resources */ = {isa = PBXBuildFile; fileRef = 1FB4832A1DC36AB700067D4B /* Level 45.sks */; };
		1FB4832D1DC36B0700067D4B /* Level 46.sks in Resources */ = {isa = PBXBuildFile; fileRef = 1FB4832C1DC36B0700067D4B /* Level 46.sks */; };
		1FB4832F1DC36B4700067D4B /* Level 47.sks in Resources */ = {isa = PBXBuildFile; fileRef = 1FB4832E1DC36B4700067D4B /* Level 47.sks */; };
		1FB483311DC36BA600067D4B /* Level 48.sks in Resources */ = {isa = PBXBuildFile; fileRef = 1FB483301DC36BA600067D4B /* Level 48.sks */; };
		1FC00D561E3E46E800FCA979 /* Level 3.sks in Resources */ = {isa = PBXBuildFile; fileRef = 1FC00D551E3E46E800FCA979 /* Level 3.sks */; };
		1FECF0FB1E3F7F760060B14F /* Security.framework in Frameworks */ = {isa = PBXBuildFile; fileRef = 1FECF0FA1E3F7F760060B14F /* Security.framework */; };
		1FECF0FD1E3F7FB10060B14F /* SystemConfiguration.framework in Frameworks */ = {isa = PBXBuildFile; fileRef = 1FECF0FC1E3F7FB10060B14F /* SystemConfiguration.framework */; };
		1FF6BA481DB47E8A0058BEC2 /* Level 6.sks in Resources */ = {isa = PBXBuildFile; fileRef = 1FF6BA471DB47E8A0058BEC2 /* Level 6.sks */; };
		1FF8783C1E76A07100F92403 /* FirebaseAnalytics.framework in Frameworks */ = {isa = PBXBuildFile; fileRef = 1FF8783B1E76A07100F92403 /* FirebaseAnalytics.framework */; };
		1FF878401E76A0E400F92403 /* libFlurry_7.10.0.a in Frameworks */ = {isa = PBXBuildFile; fileRef = 1FF8783F1E76A0E400F92403 /* libFlurry_7.10.0.a */; };
		32155F781E5DD915000238C8 /* SkinViewController.swift in Sources */ = {isa = PBXBuildFile; fileRef = 32155F771E5DD915000238C8 /* SkinViewController.swift */; };
		3219926A1E4C962300B505E9 /* GameScene.swift in Sources */ = {isa = PBXBuildFile; fileRef = 1F4C246D1CD5E55600D3B0DB /* GameScene.swift */; };
		32290C781DD08282002CBBF5 /* SettingViewController.swift in Sources */ = {isa = PBXBuildFile; fileRef = 32290C771DD08282002CBBF5 /* SettingViewController.swift */; };
		323E31BB1E548A060045F557 /* OnboardingView.swift in Sources */ = {isa = PBXBuildFile; fileRef = 323E31B91E548A060045F557 /* OnboardingView.swift */; };
		323E31BC1E548A060045F557 /* OnboardViewController.swift in Sources */ = {isa = PBXBuildFile; fileRef = 323E31BA1E548A060045F557 /* OnboardViewController.swift */; };
		3262F13C1D49B7E90056D72B /* ViewController.swift in Sources */ = {isa = PBXBuildFile; fileRef = 3262F13B1D49B7E90056D72B /* ViewController.swift */; };
		328125E71DE6912200E81EB4 /* SwipeViewController.swift in Sources */ = {isa = PBXBuildFile; fileRef = 328125E61DE6912200E81EB4 /* SwipeViewController.swift */; };
		328125E91DE6913100E81EB4 /* SwipePageViewController.swift in Sources */ = {isa = PBXBuildFile; fileRef = 328125E81DE6913100E81EB4 /* SwipePageViewController.swift */; };
		329649221DCA21100078720A /* GameViewController.swift in Sources */ = {isa = PBXBuildFile; fileRef = 329649211DCA21100078720A /* GameViewController.swift */; };
		32B848621DD03D23004247DA /* MainMenuViewController.swift in Sources */ = {isa = PBXBuildFile; fileRef = 32B848611DD03D23004247DA /* MainMenuViewController.swift */; };
		32C496E81DB7CBD900DFDAF9 /* Main.storyboard in Resources */ = {isa = PBXBuildFile; fileRef = 1F4C24711CD5E55600D3B0DB /* Main.storyboard */; };
		32C496EA1DB7CF0000DFDAF9 /* AppDelegate.swift in Sources */ = {isa = PBXBuildFile; fileRef = 1F4C24691CD5E55600D3B0DB /* AppDelegate.swift */; };
		32C496EC1DB7CF0000DFDAF9 /* ViewController.swift in Sources */ = {isa = PBXBuildFile; fileRef = 3262F13B1D49B7E90056D72B /* ViewController.swift */; };
		32C496ED1DB7CF0000DFDAF9 /* GameScene.swift in Sources */ = {isa = PBXBuildFile; fileRef = 1F4C246D1CD5E55600D3B0DB /* GameScene.swift */; };
		32C496EF1DB7CF4100DFDAF9 /* GameScene.swift in Sources */ = {isa = PBXBuildFile; fileRef = 1F4C246D1CD5E55600D3B0DB /* GameScene.swift */; };
		32D80D421DCDE7AC00BF6274 /* PageViewController.swift in Sources */ = {isa = PBXBuildFile; fileRef = 32D80D411DCDE7AC00BF6274 /* PageViewController.swift */; };
		32F5A42B1D3CA47E00631FE0 /* Level 4.sks in Resources */ = {isa = PBXBuildFile; fileRef = 32F5A42A1D3CA47E00631FE0 /* Level 4.sks */; };
		32F5A42D1D3CA49100631FE0 /* Level 5.sks in Resources */ = {isa = PBXBuildFile; fileRef = 32F5A42C1D3CA49100631FE0 /* Level 5.sks */; };
		B8EE48476D4814ACEA676511 /* Pods_ProjectZXC.framework in Frameworks */ = {isa = PBXBuildFile; fileRef = 8ED99CC74990D07033EF8C57 /* Pods_ProjectZXC.framework */; };
/* End PBXBuildFile section */

/* Begin PBXContainerItemProxy section */
		1F4C247F1CD5E55600D3B0DB /* PBXContainerItemProxy */ = {
			isa = PBXContainerItemProxy;
			containerPortal = 1F4C245E1CD5E55600D3B0DB /* Project object */;
			proxyType = 1;
			remoteGlobalIDString = 1F4C24651CD5E55600D3B0DB;
			remoteInfo = ProjectZXC;
		};
		1F4C248A1CD5E55600D3B0DB /* PBXContainerItemProxy */ = {
			isa = PBXContainerItemProxy;
			containerPortal = 1F4C245E1CD5E55600D3B0DB /* Project object */;
			proxyType = 1;
			remoteGlobalIDString = 1F4C24651CD5E55600D3B0DB;
			remoteInfo = ProjectZXC;
		};
/* End PBXContainerItemProxy section */

/* Begin PBXFileReference section */
		1006E196910BF310615FF394 /* Pods-ProjectZXC.release.xcconfig */ = {isa = PBXFileReference; includeInIndex = 1; lastKnownFileType = text.xcconfig; name = "Pods-ProjectZXC.release.xcconfig"; path = "Pods/Target Support Files/Pods-ProjectZXC/Pods-ProjectZXC.release.xcconfig"; sourceTree = "<group>"; };
		1F1E11D81DB4DB0F0006631B /* Level 7.sks */ = {isa = PBXFileReference; lastKnownFileType = file.sks; path = "Level 7.sks"; sourceTree = "<group>"; };
		1F1E11DA1DB4DB5A0006631B /* Level 8.sks */ = {isa = PBXFileReference; lastKnownFileType = file.sks; path = "Level 8.sks"; sourceTree = "<group>"; };
		1F1E11DC1DB4DBCD0006631B /* Level 9.sks */ = {isa = PBXFileReference; lastKnownFileType = file.sks; path = "Level 9.sks"; sourceTree = "<group>"; };
		1F1E11DE1DB4DC430006631B /* Level 10.sks */ = {isa = PBXFileReference; lastKnownFileType = file.sks; path = "Level 10.sks"; sourceTree = "<group>"; };
		1F1E11E01DB4DCBB0006631B /* Level 11.sks */ = {isa = PBXFileReference; lastKnownFileType = file.sks; path = "Level 11.sks"; sourceTree = "<group>"; };
		1F1E11E21DB4DDB40006631B /* Level 12.sks */ = {isa = PBXFileReference; lastKnownFileType = file.sks; path = "Level 12.sks"; sourceTree = "<group>"; };
		1F4C24661CD5E55600D3B0DB /* ProjectZXC.app */ = {isa = PBXFileReference; explicitFileType = wrapper.application; includeInIndex = 0; path = ProjectZXC.app; sourceTree = BUILT_PRODUCTS_DIR; };
		1F4C24691CD5E55600D3B0DB /* AppDelegate.swift */ = {isa = PBXFileReference; lastKnownFileType = sourcecode.swift; path = AppDelegate.swift; sourceTree = "<group>"; };
		1F4C246B1CD5E55600D3B0DB /* Level 1.sks */ = {isa = PBXFileReference; lastKnownFileType = file.sks; path = "Level 1.sks"; sourceTree = "<group>"; };
		1F4C246D1CD5E55600D3B0DB /* GameScene.swift */ = {isa = PBXFileReference; lastKnownFileType = sourcecode.swift; path = GameScene.swift; sourceTree = "<group>"; usesTabs = 0; };
		1F4C24721CD5E55600D3B0DB /* Base */ = {isa = PBXFileReference; lastKnownFileType = file.storyboard; name = Base; path = Base.lproj/Main.storyboard; sourceTree = "<group>"; };
		1F4C24741CD5E55600D3B0DB /* Assets.xcassets */ = {isa = PBXFileReference; lastKnownFileType = folder.assetcatalog; path = Assets.xcassets; sourceTree = "<group>"; };
		1F4C24771CD5E55600D3B0DB /* Base */ = {isa = PBXFileReference; lastKnownFileType = file.storyboard; name = Base; path = Base.lproj/LaunchScreen.storyboard; sourceTree = "<group>"; };
		1F4C24791CD5E55600D3B0DB /* Info.plist */ = {isa = PBXFileReference; lastKnownFileType = text.plist.xml; path = Info.plist; sourceTree = "<group>"; };
		1F4C247E1CD5E55600D3B0DB /* ProjectZXCTests.xctest */ = {isa = PBXFileReference; explicitFileType = wrapper.cfbundle; includeInIndex = 0; path = ProjectZXCTests.xctest; sourceTree = BUILT_PRODUCTS_DIR; };
		1F4C24821CD5E55600D3B0DB /* ProjectZXCTests.swift */ = {isa = PBXFileReference; lastKnownFileType = sourcecode.swift; path = ProjectZXCTests.swift; sourceTree = "<group>"; };
		1F4C24841CD5E55600D3B0DB /* Info.plist */ = {isa = PBXFileReference; lastKnownFileType = text.plist.xml; path = Info.plist; sourceTree = "<group>"; };
		1F4C24891CD5E55600D3B0DB /* ProjectZXCUITests.xctest */ = {isa = PBXFileReference; explicitFileType = wrapper.cfbundle; includeInIndex = 0; path = ProjectZXCUITests.xctest; sourceTree = BUILT_PRODUCTS_DIR; };
		1F4C248D1CD5E55600D3B0DB /* ProjectZXCUITests.swift */ = {isa = PBXFileReference; lastKnownFileType = sourcecode.swift; path = ProjectZXCUITests.swift; sourceTree = "<group>"; };
		1F4C248F1CD5E55600D3B0DB /* Info.plist */ = {isa = PBXFileReference; lastKnownFileType = text.plist.xml; path = Info.plist; sourceTree = "<group>"; };
		1F6C00A51CE34FCF00A7C8E6 /* Level 2.sks */ = {isa = PBXFileReference; lastKnownFileType = file.sks; path = "Level 2.sks"; sourceTree = "<group>"; };
		1F6D66B71DBFBA90001EE597 /* TO DO.rtf */ = {isa = PBXFileReference; fileEncoding = 4; lastKnownFileType = text.rtf; path = "TO DO.rtf"; sourceTree = "<group>"; };
		1F7047BE1DC3558300C35C12 /* Level 13.sks */ = {isa = PBXFileReference; lastKnownFileType = file.sks; path = "Level 13.sks"; sourceTree = "<group>"; };
		1F7047C01DC355AC00C35C12 /* Level 14.sks */ = {isa = PBXFileReference; lastKnownFileType = file.sks; path = "Level 14.sks"; sourceTree = "<group>"; };
		1F7047C21DC355B700C35C12 /* Level 15.sks */ = {isa = PBXFileReference; lastKnownFileType = file.sks; path = "Level 15.sks"; sourceTree = "<group>"; };
		1F7047C41DC355C800C35C12 /* Level 16.sks */ = {isa = PBXFileReference; lastKnownFileType = file.sks; path = "Level 16.sks"; sourceTree = "<group>"; };
		1F7047C61DC3561200C35C12 /* Level 17.sks */ = {isa = PBXFileReference; lastKnownFileType = file.sks; path = "Level 17.sks"; sourceTree = "<group>"; };
		1F7047C81DC3563100C35C12 /* Level 18.sks */ = {isa = PBXFileReference; lastKnownFileType = file.sks; path = "Level 18.sks"; sourceTree = "<group>"; };
		1F7047CA1DC3566600C35C12 /* Level 19.sks */ = {isa = PBXFileReference; lastKnownFileType = file.sks; path = "Level 19.sks"; sourceTree = "<group>"; };
		1F7047CC1DC356B300C35C12 /* Level 20.sks */ = {isa = PBXFileReference; lastKnownFileType = file.sks; path = "Level 20.sks"; sourceTree = "<group>"; };
		1F7047CE1DC356C200C35C12 /* Level 21.sks */ = {isa = PBXFileReference; lastKnownFileType = file.sks; path = "Level 21.sks"; sourceTree = "<group>"; };
		1F7047D01DC3571700C35C12 /* Level 22.sks */ = {isa = PBXFileReference; lastKnownFileType = file.sks; path = "Level 22.sks"; sourceTree = "<group>"; };
		1F7047D21DC3572700C35C12 /* Level 23.sks */ = {isa = PBXFileReference; lastKnownFileType = file.sks; path = "Level 23.sks"; sourceTree = "<group>"; };
		1F7047D41DC3573800C35C12 /* Level 24.sks */ = {isa = PBXFileReference; lastKnownFileType = file.sks; path = "Level 24.sks"; sourceTree = "<group>"; };
		1F7047D61DC357A600C35C12 /* Level 25.sks */ = {isa = PBXFileReference; lastKnownFileType = file.sks; path = "Level 25.sks"; sourceTree = "<group>"; };
		1F7047D81DC357B500C35C12 /* Level 26.sks */ = {isa = PBXFileReference; lastKnownFileType = file.sks; path = "Level 26.sks"; sourceTree = "<group>"; };
		1F7047DA1DC357D600C35C12 /* Level 27.sks */ = {isa = PBXFileReference; lastKnownFileType = file.sks; path = "Level 27.sks"; sourceTree = "<group>"; };
		1F7047DC1DC357E900C35C12 /* Level 28.sks */ = {isa = PBXFileReference; lastKnownFileType = file.sks; path = "Level 28.sks"; sourceTree = "<group>"; };
		1F7047DE1DC358A100C35C12 /* Level 29.sks */ = {isa = PBXFileReference; lastKnownFileType = file.sks; path = "Level 29.sks"; sourceTree = "<group>"; };
		1F7047E01DC35A3500C35C12 /* Level 30.sks */ = {isa = PBXFileReference; lastKnownFileType = file.sks; path = "Level 30.sks"; sourceTree = "<group>"; };
		1F7ED10A1E3FA551007D232D /* libz.tbd */ = {isa = PBXFileReference; lastKnownFileType = "sourcecode.text-based-dylib-definition"; name = libz.tbd; path = usr/lib/libz.tbd; sourceTree = SDKROOT; };
		1F8F1CBF1E3FA614001FDF1E /* AdSupport.framework */ = {isa = PBXFileReference; lastKnownFileType = wrapper.framework; name = AdSupport.framework; path = System/Library/Frameworks/AdSupport.framework; sourceTree = SDKROOT; };
		1F8F1CC11E3FA626001FDF1E /* CoreGraphics.framework */ = {isa = PBXFileReference; lastKnownFileType = wrapper.framework; name = CoreGraphics.framework; path = System/Library/Frameworks/CoreGraphics.framework; sourceTree = SDKROOT; };
		1F8F1CC31E3FA633001FDF1E /* Foundation.framework */ = {isa = PBXFileReference; lastKnownFileType = wrapper.framework; name = Foundation.framework; path = System/Library/Frameworks/Foundation.framework; sourceTree = SDKROOT; };
		1F8F1CC51E3FA647001FDF1E /* MediaPlayer.framework */ = {isa = PBXFileReference; lastKnownFileType = wrapper.framework; name = MediaPlayer.framework; path = System/Library/Frameworks/MediaPlayer.framework; sourceTree = SDKROOT; };
		1F8F1CC71E3FA652001FDF1E /* StoreKit.framework */ = {isa = PBXFileReference; lastKnownFileType = wrapper.framework; name = StoreKit.framework; path = System/Library/Frameworks/StoreKit.framework; sourceTree = SDKROOT; };
		1F8F1CC91E3FA664001FDF1E /* UIKit.framework */ = {isa = PBXFileReference; lastKnownFileType = wrapper.framework; name = UIKit.framework; path = System/Library/Frameworks/UIKit.framework; sourceTree = SDKROOT; };
		1F9D22191E3FA8720002DBA9 /* ProjectZXC-Bridging-Header.h */ = {isa = PBXFileReference; fileEncoding = 4; lastKnownFileType = sourcecode.c.h; path = "ProjectZXC-Bridging-Header.h"; sourceTree = SOURCE_ROOT; };
		1FAF3EBE1E3A1A22001CBA65 /* Level 0.sks */ = {isa = PBXFileReference; lastKnownFileType = file.sks; path = "Level 0.sks"; sourceTree = "<group>"; };
		1FAF8EC11E3E1D1E008388AE /* GoogleService-Info.plist */ = {isa = PBXFileReference; fileEncoding = 4; lastKnownFileType = text.plist.xml; name = "GoogleService-Info.plist"; path = "ProjectZXC/GoogleService-Info.plist"; sourceTree = "<group>"; };
		1FB4830E1DC367A700067D4B /* Level 31.sks */ = {isa = PBXFileReference; lastKnownFileType = file.sks; path = "Level 31.sks"; sourceTree = "<group>"; };
		1FB483101DC367B600067D4B /* Level 32.sks */ = {isa = PBXFileReference; lastKnownFileType = file.sks; path = "Level 32.sks"; sourceTree = "<group>"; };
		1FB483121DC367C200067D4B /* Level 33.sks */ = {isa = PBXFileReference; lastKnownFileType = file.sks; path = "Level 33.sks"; sourceTree = "<group>"; };
		1FB483141DC367CF00067D4B /* Level 34.sks */ = {isa = PBXFileReference; lastKnownFileType = file.sks; path = "Level 34.sks"; sourceTree = "<group>"; };
		1FB483161DC3681000067D4B /* Level 35.sks */ = {isa = PBXFileReference; lastKnownFileType = file.sks; path = "Level 35.sks"; sourceTree = "<group>"; };
		1FB483181DC368E300067D4B /* Level 36.sks */ = {isa = PBXFileReference; lastKnownFileType = file.sks; path = "Level 36.sks"; sourceTree = "<group>"; };
		1FB4831A1DC3692E00067D4B /* Level 37.sks */ = {isa = PBXFileReference; lastKnownFileType = file.sks; path = "Level 37.sks"; sourceTree = "<group>"; };
		1FB4831C1DC369E600067D4B /* Level 38.sks */ = {isa = PBXFileReference; lastKnownFileType = file.sks; path = "Level 38.sks"; sourceTree = "<group>"; };
		1FB4831E1DC369FC00067D4B /* Level 39.sks */ = {isa = PBXFileReference; lastKnownFileType = file.sks; path = "Level 39.sks"; sourceTree = "<group>"; };
		1FB483201DC36A1400067D4B /* Level 40.sks */ = {isa = PBXFileReference; lastKnownFileType = file.sks; path = "Level 40.sks"; sourceTree = "<group>"; };
		1FB483221DC36A2100067D4B /* Level 41.sks */ = {isa = PBXFileReference; lastKnownFileType = file.sks; path = "Level 41.sks"; sourceTree = "<group>"; };
		1FB483241DC36A3100067D4B /* Level 42.sks */ = {isa = PBXFileReference; lastKnownFileType = file.sks; path = "Level 42.sks"; sourceTree = "<group>"; };
		1FB483261DC36A4400067D4B /* Level 43.sks */ = {isa = PBXFileReference; lastKnownFileType = file.sks; path = "Level 43.sks"; sourceTree = "<group>"; };
		1FB483281DC36A7700067D4B /* Level 44.sks */ = {isa = PBXFileReference; lastKnownFileType = file.sks; path = "Level 44.sks"; sourceTree = "<group>"; };
		1FB4832A1DC36AB700067D4B /* Level 45.sks */ = {isa = PBXFileReference; lastKnownFileType = file.sks; path = "Level 45.sks"; sourceTree = "<group>"; };
		1FB4832C1DC36B0700067D4B /* Level 46.sks */ = {isa = PBXFileReference; lastKnownFileType = file.sks; path = "Level 46.sks"; sourceTree = "<group>"; };
		1FB4832E1DC36B4700067D4B /* Level 47.sks */ = {isa = PBXFileReference; lastKnownFileType = file.sks; path = "Level 47.sks"; sourceTree = "<group>"; };
		1FB483301DC36BA600067D4B /* Level 48.sks */ = {isa = PBXFileReference; lastKnownFileType = file.sks; path = "Level 48.sks"; sourceTree = "<group>"; };
		1FC00D551E3E46E800FCA979 /* Level 3.sks */ = {isa = PBXFileReference; lastKnownFileType = file.sks; path = "Level 3.sks"; sourceTree = "<group>"; };
		1FECF0FA1E3F7F760060B14F /* Security.framework */ = {isa = PBXFileReference; lastKnownFileType = wrapper.framework; name = Security.framework; path = System/Library/Frameworks/Security.framework; sourceTree = SDKROOT; };
		1FECF0FC1E3F7FB10060B14F /* SystemConfiguration.framework */ = {isa = PBXFileReference; lastKnownFileType = wrapper.framework; name = SystemConfiguration.framework; path = System/Library/Frameworks/SystemConfiguration.framework; sourceTree = SDKROOT; };
		1FECF1011E3F801E0060B14F /* Flurry.h */ = {isa = PBXFileReference; fileEncoding = 4; lastKnownFileType = sourcecode.c.h; name = Flurry.h; path = "../Pods/Flurry-iOS-SDK/Flurry/Flurry.h"; sourceTree = "<group>"; };
		1FF6BA471DB47E8A0058BEC2 /* Level 6.sks */ = {isa = PBXFileReference; lastKnownFileType = file.sks; path = "Level 6.sks"; sourceTree = "<group>"; };
		1FF8783B1E76A07100F92403 /* FirebaseAnalytics.framework */ = {isa = PBXFileReference; lastKnownFileType = wrapper.framework; name = FirebaseAnalytics.framework; path = Pods/FirebaseAnalytics/Frameworks/FirebaseAnalytics.framework; sourceTree = "<group>"; };
		1FF8783F1E76A0E400F92403 /* libFlurry_7.10.0.a */ = {isa = PBXFileReference; lastKnownFileType = archive.ar; name = libFlurry_7.10.0.a; path = "Pods/Flurry-iOS-SDK/Flurry/libFlurry_7.10.0.a"; sourceTree = SOURCE_ROOT; };
		2DE713DA61C2CC29BACF93E0 /* Pods-ProjectZXC.debug.xcconfig */ = {isa = PBXFileReference; includeInIndex = 1; lastKnownFileType = text.xcconfig; name = "Pods-ProjectZXC.debug.xcconfig"; path = "Pods/Target Support Files/Pods-ProjectZXC/Pods-ProjectZXC.debug.xcconfig"; sourceTree = "<group>"; };
		32155F771E5DD915000238C8 /* SkinViewController.swift */ = {isa = PBXFileReference; fileEncoding = 4; lastKnownFileType = sourcecode.swift; path = SkinViewController.swift; sourceTree = "<group>"; };
		32290C771DD08282002CBBF5 /* SettingViewController.swift */ = {isa = PBXFileReference; fileEncoding = 4; lastKnownFileType = sourcecode.swift; path = SettingViewController.swift; sourceTree = "<group>"; };
		323E31B91E548A060045F557 /* OnboardingView.swift */ = {isa = PBXFileReference; fileEncoding = 4; lastKnownFileType = sourcecode.swift; path = OnboardingView.swift; sourceTree = "<group>"; };
		323E31BA1E548A060045F557 /* OnboardViewController.swift */ = {isa = PBXFileReference; fileEncoding = 4; lastKnownFileType = sourcecode.swift; path = OnboardViewController.swift; sourceTree = "<group>"; };
		3262F13B1D49B7E90056D72B /* ViewController.swift */ = {isa = PBXFileReference; fileEncoding = 4; lastKnownFileType = sourcecode.swift; path = ViewController.swift; sourceTree = "<group>"; };
		328125E61DE6912200E81EB4 /* SwipeViewController.swift */ = {isa = PBXFileReference; fileEncoding = 4; lastKnownFileType = sourcecode.swift; path = SwipeViewController.swift; sourceTree = "<group>"; };
		328125E81DE6913100E81EB4 /* SwipePageViewController.swift */ = {isa = PBXFileReference; fileEncoding = 4; lastKnownFileType = sourcecode.swift; path = SwipePageViewController.swift; sourceTree = "<group>"; };
		329649211DCA21100078720A /* GameViewController.swift */ = {isa = PBXFileReference; fileEncoding = 4; lastKnownFileType = sourcecode.swift; path = GameViewController.swift; sourceTree = "<group>"; };
		32B848611DD03D23004247DA /* MainMenuViewController.swift */ = {isa = PBXFileReference; fileEncoding = 4; lastKnownFileType = sourcecode.swift; path = MainMenuViewController.swift; sourceTree = "<group>"; };
		32D80D411DCDE7AC00BF6274 /* PageViewController.swift */ = {isa = PBXFileReference; fileEncoding = 4; lastKnownFileType = sourcecode.swift; path = PageViewController.swift; sourceTree = "<group>"; };
		32F5A42A1D3CA47E00631FE0 /* Level 4.sks */ = {isa = PBXFileReference; lastKnownFileType = file.sks; path = "Level 4.sks"; sourceTree = "<group>"; };
		32F5A42C1D3CA49100631FE0 /* Level 5.sks */ = {isa = PBXFileReference; lastKnownFileType = file.sks; path = "Level 5.sks"; sourceTree = "<group>"; };
		8ED99CC74990D07033EF8C57 /* Pods_ProjectZXC.framework */ = {isa = PBXFileReference; explicitFileType = wrapper.framework; includeInIndex = 0; path = Pods_ProjectZXC.framework; sourceTree = BUILT_PRODUCTS_DIR; };
/* End PBXFileReference section */

/* Begin PBXFrameworksBuildPhase section */
		1F4C24631CD5E55600D3B0DB /* Frameworks */ = {
			isa = PBXFrameworksBuildPhase;
			buildActionMask = 2147483647;
			files = (
				1FECF0FD1E3F7FB10060B14F /* SystemConfiguration.framework in Frameworks */,
				1F8F1CCA1E3FA664001FDF1E /* UIKit.framework in Frameworks */,
				1FF878401E76A0E400F92403 /* libFlurry_7.10.0.a in Frameworks */,
				1F8F1CC61E3FA647001FDF1E /* MediaPlayer.framework in Frameworks */,
				1F8F1CC41E3FA633001FDF1E /* Foundation.framework in Frameworks */,
				1F8F1CC21E3FA626001FDF1E /* CoreGraphics.framework in Frameworks */,
				1F8F1CC01E3FA614001FDF1E /* AdSupport.framework in Frameworks */,
				1F7ED10B1E3FA551007D232D /* libz.tbd in Frameworks */,
				1FECF0FB1E3F7F760060B14F /* Security.framework in Frameworks */,
				B8EE48476D4814ACEA676511 /* Pods_ProjectZXC.framework in Frameworks */,
				1FF8783C1E76A07100F92403 /* FirebaseAnalytics.framework in Frameworks */,
			);
			runOnlyForDeploymentPostprocessing = 0;
		};
		1F4C247B1CD5E55600D3B0DB /* Frameworks */ = {
			isa = PBXFrameworksBuildPhase;
			buildActionMask = 2147483647;
			files = (
			);
			runOnlyForDeploymentPostprocessing = 0;
		};
		1F4C24861CD5E55600D3B0DB /* Frameworks */ = {
			isa = PBXFrameworksBuildPhase;
			buildActionMask = 2147483647;
			files = (
			);
			runOnlyForDeploymentPostprocessing = 0;
		};
/* End PBXFrameworksBuildPhase section */

/* Begin PBXGroup section */
		1F2795051E38A07800F4BE64 /* 3 + IronBlock / Magnit */ = {
			isa = PBXGroup;
			children = (
				1FB483221DC36A2100067D4B /* Level 41.sks */,
				1FB483241DC36A3100067D4B /* Level 42.sks */,
				1FB483261DC36A4400067D4B /* Level 43.sks */,
				1FB483281DC36A7700067D4B /* Level 44.sks */,
			);
			name = "3 + IronBlock / Magnit";
			sourceTree = "<group>";
		};
		1F4B7FDA1DC603D200B4EE82 /* 1 +Stone */ = {
			isa = PBXGroup;
			children = (
				1F7047C61DC3561200C35C12 /* Level 17.sks */,
				1F7047C81DC3563100C35C12 /* Level 18.sks */,
				1F7047CA1DC3566600C35C12 /* Level 19.sks */,
				1F7047CC1DC356B300C35C12 /* Level 20.sks */,
			);
			name = "1 +Stone";
			sourceTree = "<group>";
		};
		1F4B7FDB1DC603DE00B4EE82 /* 2 +Glass */ = {
			isa = PBXGroup;
			children = (
				1F7047CE1DC356C200C35C12 /* Level 21.sks */,
				1F7047D01DC3571700C35C12 /* Level 22.sks */,
				1F7047D21DC3572700C35C12 /* Level 23.sks */,
				1F7047D41DC3573800C35C12 /* Level 24.sks */,
			);
			name = "2 +Glass";
			sourceTree = "<group>";
		};
		1F4B7FDC1DC6040400B4EE82 /* 3 +Spear  */ = {
			isa = PBXGroup;
			children = (
				1F7047D61DC357A600C35C12 /* Level 25.sks */,
				1F7047D81DC357B500C35C12 /* Level 26.sks */,
				1F7047DA1DC357D600C35C12 /* Level 27.sks */,
				1F7047DC1DC357E900C35C12 /* Level 28.sks */,
			);
			name = "3 +Spear ";
			sourceTree = "<group>";
		};
		1F4B7FDD1DC63EAA00B4EE82 /* 4 */ = {
			isa = PBXGroup;
			children = (
				1F7047DE1DC358A100C35C12 /* Level 29.sks */,
				1F7047E01DC35A3500C35C12 /* Level 30.sks */,
				1FB4830E1DC367A700067D4B /* Level 31.sks */,
				1FB483101DC367B600067D4B /* Level 32.sks */,
			);
			name = 4;
			sourceTree = "<group>";
		};
		1F4C245D1CD5E55600D3B0DB = {
			isa = PBXGroup;
			children = (
				1FF8783B1E76A07100F92403 /* FirebaseAnalytics.framework */,
				1FAF8EC11E3E1D1E008388AE /* GoogleService-Info.plist */,
				1F4C24681CD5E55600D3B0DB /* ProjectZXC */,
				1F4C24811CD5E55600D3B0DB /* ProjectZXCTests */,
				1F4C248C1CD5E55600D3B0DB /* ProjectZXCUITests */,
				1F4C24671CD5E55600D3B0DB /* Products */,
				667683D9DB1DC384A635F578 /* Pods */,
				BEE51B090CC89C93202D8A87 /* Frameworks */,
			);
			sourceTree = "<group>";
		};
		1F4C24671CD5E55600D3B0DB /* Products */ = {
			isa = PBXGroup;
			children = (
				1F4C24661CD5E55600D3B0DB /* ProjectZXC.app */,
				1F4C247E1CD5E55600D3B0DB /* ProjectZXCTests.xctest */,
				1F4C24891CD5E55600D3B0DB /* ProjectZXCUITests.xctest */,
			);
			name = Products;
			sourceTree = "<group>";
		};
		1F4C24681CD5E55600D3B0DB /* ProjectZXC */ = {
			isa = PBXGroup;
			children = (
				1F9D22191E3FA8720002DBA9 /* ProjectZXC-Bridging-Header.h */,
				1F6D66B71DBFBA90001EE597 /* TO DO.rtf */,
				1FDFC02C1CD7A3FA00A3F56D /* Scene */,
				1F4C24741CD5E55600D3B0DB /* Assets.xcassets */,
				1F4C24761CD5E55600D3B0DB /* LaunchScreen.storyboard */,
				1F4C24791CD5E55600D3B0DB /* Info.plist */,
			);
			path = ProjectZXC;
			sourceTree = "<group>";
		};
		1F4C24811CD5E55600D3B0DB /* ProjectZXCTests */ = {
			isa = PBXGroup;
			children = (
				1F4C24821CD5E55600D3B0DB /* ProjectZXCTests.swift */,
				1F4C24841CD5E55600D3B0DB /* Info.plist */,
			);
			path = ProjectZXCTests;
			sourceTree = "<group>";
		};
		1F4C248C1CD5E55600D3B0DB /* ProjectZXCUITests */ = {
			isa = PBXGroup;
			children = (
				1F4C248D1CD5E55600D3B0DB /* ProjectZXCUITests.swift */,
				1F4C248F1CD5E55600D3B0DB /* Info.plist */,
			);
			path = ProjectZXCUITests;
			sourceTree = "<group>";
		};
		1F790EAC1E33524300F53024 /* 2 + RotationBlock */ = {
			isa = PBXGroup;
			children = (
				1FB4831A1DC3692E00067D4B /* Level 37.sks */,
				1FB4831C1DC369E600067D4B /* Level 38.sks */,
				1FB4831E1DC369FC00067D4B /* Level 39.sks */,
				1FB483201DC36A1400067D4B /* Level 40.sks */,
			);
			name = "2 + RotationBlock";
			sourceTree = "<group>";
		};
		1FA08D661D3E1A2D00A4BA06 /* Levels */ = {
			isa = PBXGroup;
			children = (
				1FB4830B1DC35B7700067D4B /* 1(Box/Plank/Slime) */,
				1FB4830C1DC35CD700067D4B /* 2(Stone/Glass/Spear) */,
				1FB4830D1DC35DE300067D4B /* 3(Active) */,
			);
			name = Levels;
			sourceTree = "<group>";
		};
		1FAB5BD41DC5E14F0024664D /* 1 +Box */ = {
			isa = PBXGroup;
			children = (
				1F4C246B1CD5E55600D3B0DB /* Level 1.sks */,
				1F6C00A51CE34FCF00A7C8E6 /* Level 2.sks */,
				1FC00D551E3E46E800FCA979 /* Level 3.sks */,
				32F5A42A1D3CA47E00631FE0 /* Level 4.sks */,
			);
			name = "1 +Box";
			sourceTree = "<group>";
		};
		1FAB5BD51DC5E15C0024664D /* 2 +Plank */ = {
			isa = PBXGroup;
			children = (
				32F5A42C1D3CA49100631FE0 /* Level 5.sks */,
				1FF6BA471DB47E8A0058BEC2 /* Level 6.sks */,
				1F1E11D81DB4DB0F0006631B /* Level 7.sks */,
				1F1E11DA1DB4DB5A0006631B /* Level 8.sks */,
			);
			name = "2 +Plank";
			sourceTree = "<group>";
		};
		1FAB5BD61DC5E16D0024664D /* 3 +Slime */ = {
			isa = PBXGroup;
			children = (
				1F1E11DC1DB4DBCD0006631B /* Level 9.sks */,
				1F1E11DE1DB4DC430006631B /* Level 10.sks */,
				1F1E11E01DB4DCBB0006631B /* Level 11.sks */,
				1F1E11E21DB4DDB40006631B /* Level 12.sks */,
			);
			name = "3 +Slime";
			sourceTree = "<group>";
		};
		1FAB5BD71DC5E1790024664D /* 4 */ = {
			isa = PBXGroup;
			children = (
				1F7047BE1DC3558300C35C12 /* Level 13.sks */,
				1F7047C01DC355AC00C35C12 /* Level 14.sks */,
				1F7047C21DC355B700C35C12 /* Level 15.sks */,
				1F7047C41DC355C800C35C12 /* Level 16.sks */,
			);
			name = 4;
			sourceTree = "<group>";
		};
		1FB4830B1DC35B7700067D4B /* 1(Box/Plank/Slime) */ = {
			isa = PBXGroup;
			children = (
				1FAB5BD41DC5E14F0024664D /* 1 +Box */,
				1FAB5BD51DC5E15C0024664D /* 2 +Plank */,
				1FAB5BD61DC5E16D0024664D /* 3 +Slime */,
				1FAB5BD71DC5E1790024664D /* 4 */,
			);
			name = "1(Box/Plank/Slime)";
			sourceTree = "<group>";
		};
		1FB4830C1DC35CD700067D4B /* 2(Stone/Glass/Spear) */ = {
			isa = PBXGroup;
			children = (
				1F4B7FDA1DC603D200B4EE82 /* 1 +Stone */,
				1F4B7FDB1DC603DE00B4EE82 /* 2 +Glass */,
				1F4B7FDC1DC6040400B4EE82 /* 3 +Spear  */,
				1F4B7FDD1DC63EAA00B4EE82 /* 4 */,
			);
			name = "2(Stone/Glass/Spear)";
			sourceTree = "<group>";
		};
		1FB4830D1DC35DE300067D4B /* 3(Active) */ = {
			isa = PBXGroup;
			children = (
				1FF7A4A71DE5CC5500349329 /* 1 + ActiveBlock */,
				1F790EAC1E33524300F53024 /* 2 + RotationBlock */,
				1F2795051E38A07800F4BE64 /* 3 + IronBlock / Magnit */,
				325B45D61DDC300E00573074 /* 4 */,
			);
			name = "3(Active)";
			sourceTree = "<group>";
		};
		1FDFC02C1CD7A3FA00A3F56D /* Scene */ = {
			isa = PBXGroup;
			children = (
				1FF8783F1E76A0E400F92403 /* libFlurry_7.10.0.a */,
				1FECF1011E3F801E0060B14F /* Flurry.h */,
				1FA08D661D3E1A2D00A4BA06 /* Levels */,
				1FAF3EBE1E3A1A22001CBA65 /* Level 0.sks */,
				1F4C24691CD5E55600D3B0DB /* AppDelegate.swift */,
				323E31B91E548A060045F557 /* OnboardingView.swift */,
				323E31BA1E548A060045F557 /* OnboardViewController.swift */,
				32155F771E5DD915000238C8 /* SkinViewController.swift */,
				1F4C24711CD5E55600D3B0DB /* Main.storyboard */,
				328125E81DE6913100E81EB4 /* SwipePageViewController.swift */,
				328125E61DE6912200E81EB4 /* SwipeViewController.swift */,
				32290C771DD08282002CBBF5 /* SettingViewController.swift */,
				32B848611DD03D23004247DA /* MainMenuViewController.swift */,
				32D80D411DCDE7AC00BF6274 /* PageViewController.swift */,
				329649211DCA21100078720A /* GameViewController.swift */,
				3262F13B1D49B7E90056D72B /* ViewController.swift */,
				1F4C246D1CD5E55600D3B0DB /* GameScene.swift */,
			);
			name = Scene;
			sourceTree = "<group>";
		};
		1FF7A4A71DE5CC5500349329 /* 1 + ActiveBlock */ = {
			isa = PBXGroup;
			children = (
				1FB483121DC367C200067D4B /* Level 33.sks */,
				1FB483141DC367CF00067D4B /* Level 34.sks */,
				1FB483161DC3681000067D4B /* Level 35.sks */,
				1FB483181DC368E300067D4B /* Level 36.sks */,
			);
			name = "1 + ActiveBlock";
			sourceTree = "<group>";
		};
		325B45D61DDC300E00573074 /* 4 */ = {
			isa = PBXGroup;
			children = (
				1FB4832A1DC36AB700067D4B /* Level 45.sks */,
				1FB4832C1DC36B0700067D4B /* Level 46.sks */,
				1FB4832E1DC36B4700067D4B /* Level 47.sks */,
				1FB483301DC36BA600067D4B /* Level 48.sks */,
			);
			name = 4;
			sourceTree = "<group>";
		};
		667683D9DB1DC384A635F578 /* Pods */ = {
			isa = PBXGroup;
			children = (
				2DE713DA61C2CC29BACF93E0 /* Pods-ProjectZXC.debug.xcconfig */,
				1006E196910BF310615FF394 /* Pods-ProjectZXC.release.xcconfig */,
			);
			name = Pods;
			sourceTree = "<group>";
		};
		BEE51B090CC89C93202D8A87 /* Frameworks */ = {
			isa = PBXGroup;
			children = (
				1F8F1CC91E3FA664001FDF1E /* UIKit.framework */,
				1F8F1CC71E3FA652001FDF1E /* StoreKit.framework */,
				1F8F1CC51E3FA647001FDF1E /* MediaPlayer.framework */,
				1F8F1CC31E3FA633001FDF1E /* Foundation.framework */,
				1F8F1CC11E3FA626001FDF1E /* CoreGraphics.framework */,
				1F8F1CBF1E3FA614001FDF1E /* AdSupport.framework */,
				1F7ED10A1E3FA551007D232D /* libz.tbd */,
				1FECF0FC1E3F7FB10060B14F /* SystemConfiguration.framework */,
				1FECF0FA1E3F7F760060B14F /* Security.framework */,
				8ED99CC74990D07033EF8C57 /* Pods_ProjectZXC.framework */,
			);
			name = Frameworks;
			sourceTree = "<group>";
		};
/* End PBXGroup section */

/* Begin PBXNativeTarget section */
		1F4C24651CD5E55600D3B0DB /* ProjectZXC */ = {
			isa = PBXNativeTarget;
			buildConfigurationList = 1F4C24921CD5E55600D3B0DB /* Build configuration list for PBXNativeTarget "ProjectZXC" */;
			buildPhases = (
				783FA49BF83E21D2BDEC532A /* [CP] Check Pods Manifest.lock */,
				1F4C24621CD5E55600D3B0DB /* Sources */,
				1F4C24631CD5E55600D3B0DB /* Frameworks */,
				1F4C24641CD5E55600D3B0DB /* Resources */,
				209E8A5473294634FC9033D7 /* [CP] Embed Pods Frameworks */,
				80DB6E7E0BBDD80B8100658F /* [CP] Copy Pods Resources */,
			);
			buildRules = (
			);
			dependencies = (
			);
			name = ProjectZXC;
			productName = ProjectZXC;
			productReference = 1F4C24661CD5E55600D3B0DB /* ProjectZXC.app */;
			productType = "com.apple.product-type.application";
		};
		1F4C247D1CD5E55600D3B0DB /* ProjectZXCTests */ = {
			isa = PBXNativeTarget;
			buildConfigurationList = 1F4C24951CD5E55600D3B0DB /* Build configuration list for PBXNativeTarget "ProjectZXCTests" */;
			buildPhases = (
				1F4C247A1CD5E55600D3B0DB /* Sources */,
				1F4C247B1CD5E55600D3B0DB /* Frameworks */,
				1F4C247C1CD5E55600D3B0DB /* Resources */,
			);
			buildRules = (
			);
			dependencies = (
				1F4C24801CD5E55600D3B0DB /* PBXTargetDependency */,
			);
			name = ProjectZXCTests;
			productName = ProjectZXCTests;
			productReference = 1F4C247E1CD5E55600D3B0DB /* ProjectZXCTests.xctest */;
			productType = "com.apple.product-type.bundle.unit-test";
		};
		1F4C24881CD5E55600D3B0DB /* ProjectZXCUITests */ = {
			isa = PBXNativeTarget;
			buildConfigurationList = 1F4C24981CD5E55600D3B0DB /* Build configuration list for PBXNativeTarget "ProjectZXCUITests" */;
			buildPhases = (
				1F4C24851CD5E55600D3B0DB /* Sources */,
				1F4C24861CD5E55600D3B0DB /* Frameworks */,
				1F4C24871CD5E55600D3B0DB /* Resources */,
			);
			buildRules = (
			);
			dependencies = (
				1F4C248B1CD5E55600D3B0DB /* PBXTargetDependency */,
			);
			name = ProjectZXCUITests;
			productName = ProjectZXCUITests;
			productReference = 1F4C24891CD5E55600D3B0DB /* ProjectZXCUITests.xctest */;
			productType = "com.apple.product-type.bundle.ui-testing";
		};
/* End PBXNativeTarget section */

/* Begin PBXProject section */
		1F4C245E1CD5E55600D3B0DB /* Project object */ = {
			isa = PBXProject;
			attributes = {
				KnownAssetTags = (
					leveltwo,
				);
				LastSwiftUpdateCheck = 0730;
				LastUpgradeCheck = 0800;
				ORGANIZATIONNAME = "Женя";
				TargetAttributes = {
					1F4C24651CD5E55600D3B0DB = {
						CreatedOnToolsVersion = 7.3;
						DevelopmentTeam = WKK4K5T5H2;
						LastSwiftMigration = 0800;
						ProvisioningStyle = Automatic;
					};
					1F4C247D1CD5E55600D3B0DB = {
						CreatedOnToolsVersion = 7.3;
						LastSwiftMigration = 0800;
						TestTargetID = 1F4C24651CD5E55600D3B0DB;
					};
					1F4C24881CD5E55600D3B0DB = {
						CreatedOnToolsVersion = 7.3;
						LastSwiftMigration = 0800;
						TestTargetID = 1F4C24651CD5E55600D3B0DB;
					};
				};
			};
			buildConfigurationList = 1F4C24611CD5E55600D3B0DB /* Build configuration list for PBXProject "ProjectZXC" */;
			compatibilityVersion = "Xcode 3.2";
			developmentRegion = English;
			hasScannedForEncodings = 0;
			knownRegions = (
				en,
				Base,
			);
			mainGroup = 1F4C245D1CD5E55600D3B0DB;
			productRefGroup = 1F4C24671CD5E55600D3B0DB /* Products */;
			projectDirPath = "";
			projectRoot = "";
			targets = (
				1F4C24651CD5E55600D3B0DB /* ProjectZXC */,
				1F4C247D1CD5E55600D3B0DB /* ProjectZXCTests */,
				1F4C24881CD5E55600D3B0DB /* ProjectZXCUITests */,
			);
		};
/* End PBXProject section */

/* Begin PBXResourcesBuildPhase section */
		1F4C24641CD5E55600D3B0DB /* Resources */ = {
			isa = PBXResourcesBuildPhase;
			buildActionMask = 2147483647;
			files = (
				1F7047D71DC357A600C35C12 /* Level 25.sks in Resources */,
				1FB483291DC36A7700067D4B /* Level 44.sks in Resources */,
				1FB483251DC36A3100067D4B /* Level 42.sks in Resources */,
				1F7047DF1DC358A100C35C12 /* Level 29.sks in Resources */,
				1FB4832F1DC36B4700067D4B /* Level 47.sks in Resources */,
				1F1E11DF1DB4DC430006631B /* Level 10.sks in Resources */,
				1FB4832D1DC36B0700067D4B /* Level 46.sks in Resources */,
				1F7047C71DC3561200C35C12 /* Level 17.sks in Resources */,
				1F1E11E11DB4DCBB0006631B /* Level 11.sks in Resources */,
				1FB483211DC36A1400067D4B /* Level 40.sks in Resources */,
				32F5A42B1D3CA47E00631FE0 /* Level 4.sks in Resources */,
				1FAF8EC21E3E1D1E008388AE /* GoogleService-Info.plist in Resources */,
				1F7047D31DC3572700C35C12 /* Level 23.sks in Resources */,
				1FAF3EBF1E3A1A22001CBA65 /* Level 0.sks in Resources */,
				1F4C246C1CD5E55600D3B0DB /* Level 1.sks in Resources */,
				1F6C00A61CE34FCF00A7C8E6 /* Level 2.sks in Resources */,
				32C496E81DB7CBD900DFDAF9 /* Main.storyboard in Resources */,
				1FB483171DC3681000067D4B /* Level 35.sks in Resources */,
				1F7047D11DC3571700C35C12 /* Level 22.sks in Resources */,
				1FB483311DC36BA600067D4B /* Level 48.sks in Resources */,
				1FB483231DC36A2100067D4B /* Level 41.sks in Resources */,
				1F1E11DD1DB4DBCD0006631B /* Level 9.sks in Resources */,
				1FB483131DC367C200067D4B /* Level 33.sks in Resources */,
				1F7047CB1DC3566600C35C12 /* Level 19.sks in Resources */,
				1F7047C91DC3563100C35C12 /* Level 18.sks in Resources */,
				1FB4832B1DC36AB700067D4B /* Level 45.sks in Resources */,
				1F7047D51DC3573800C35C12 /* Level 24.sks in Resources */,
				1F1E11DB1DB4DB5A0006631B /* Level 8.sks in Resources */,
				1F1E11D91DB4DB0F0006631B /* Level 7.sks in Resources */,
				1F7047D91DC357B500C35C12 /* Level 26.sks in Resources */,
				1FB483191DC368E300067D4B /* Level 36.sks in Resources */,
				1F7047DB1DC357D600C35C12 /* Level 27.sks in Resources */,
				1FB4831B1DC3692E00067D4B /* Level 37.sks in Resources */,
				1F7047DD1DC357E900C35C12 /* Level 28.sks in Resources */,
				1F7047C51DC355C800C35C12 /* Level 16.sks in Resources */,
				1F7047CF1DC356C200C35C12 /* Level 21.sks in Resources */,
				1FF6BA481DB47E8A0058BEC2 /* Level 6.sks in Resources */,
				1F4C24781CD5E55600D3B0DB /* LaunchScreen.storyboard in Resources */,
				1F7047C11DC355AC00C35C12 /* Level 14.sks in Resources */,
				1F7047E11DC35A3500C35C12 /* Level 30.sks in Resources */,
				1F4C24751CD5E55600D3B0DB /* Assets.xcassets in Resources */,
				1F6D66B81DBFBA90001EE597 /* TO DO.rtf in Resources */,
				1FB483151DC367CF00067D4B /* Level 34.sks in Resources */,
				32F5A42D1D3CA49100631FE0 /* Level 5.sks in Resources */,
				1FB483111DC367B600067D4B /* Level 32.sks in Resources */,
				1FB4830F1DC367A700067D4B /* Level 31.sks in Resources */,
				1FB4831F1DC369FC00067D4B /* Level 39.sks in Resources */,
				1F7047C31DC355B700C35C12 /* Level 15.sks in Resources */,
				1F7047CD1DC356B300C35C12 /* Level 20.sks in Resources */,
				1F1E11E31DB4DDB40006631B /* Level 12.sks in Resources */,
				1FC00D561E3E46E800FCA979 /* Level 3.sks in Resources */,
				1FB483271DC36A4400067D4B /* Level 43.sks in Resources */,
				1FB4831D1DC369E600067D4B /* Level 38.sks in Resources */,
				1F7047BF1DC3558300C35C12 /* Level 13.sks in Resources */,
			);
			runOnlyForDeploymentPostprocessing = 0;
		};
		1F4C247C1CD5E55600D3B0DB /* Resources */ = {
			isa = PBXResourcesBuildPhase;
			buildActionMask = 2147483647;
			files = (
			);
			runOnlyForDeploymentPostprocessing = 0;
		};
		1F4C24871CD5E55600D3B0DB /* Resources */ = {
			isa = PBXResourcesBuildPhase;
			buildActionMask = 2147483647;
			files = (
			);
			runOnlyForDeploymentPostprocessing = 0;
		};
/* End PBXResourcesBuildPhase section */

/* Begin PBXShellScriptBuildPhase section */
		209E8A5473294634FC9033D7 /* [CP] Embed Pods Frameworks */ = {
			isa = PBXShellScriptBuildPhase;
			buildActionMask = 2147483647;
			files = (
			);
			inputPaths = (
			);
			name = "[CP] Embed Pods Frameworks";
			outputPaths = (
			);
			runOnlyForDeploymentPostprocessing = 0;
			shellPath = /bin/sh;
			shellScript = "\"${SRCROOT}/Pods/Target Support Files/Pods-ProjectZXC/Pods-ProjectZXC-frameworks.sh\"\n";
			showEnvVarsInLog = 0;
		};
		783FA49BF83E21D2BDEC532A /* [CP] Check Pods Manifest.lock */ = {
			isa = PBXShellScriptBuildPhase;
			buildActionMask = 2147483647;
			files = (
			);
			inputPaths = (
			);
			name = "[CP] Check Pods Manifest.lock";
			outputPaths = (
			);
			runOnlyForDeploymentPostprocessing = 0;
			shellPath = /bin/sh;
			shellScript = "diff \"${PODS_ROOT}/../Podfile.lock\" \"${PODS_ROOT}/Manifest.lock\" > /dev/null\nif [ $? != 0 ] ; then\n    # print error to STDERR\n    echo \"error: The sandbox is not in sync with the Podfile.lock. Run 'pod install' or update your CocoaPods installation.\" >&2\n    exit 1\nfi\n";
			showEnvVarsInLog = 0;
		};
		80DB6E7E0BBDD80B8100658F /* [CP] Copy Pods Resources */ = {
			isa = PBXShellScriptBuildPhase;
			buildActionMask = 2147483647;
			files = (
			);
			inputPaths = (
			);
			name = "[CP] Copy Pods Resources";
			outputPaths = (
			);
			runOnlyForDeploymentPostprocessing = 0;
			shellPath = /bin/sh;
			shellScript = "\"${SRCROOT}/Pods/Target Support Files/Pods-ProjectZXC/Pods-ProjectZXC-resources.sh\"\n";
			showEnvVarsInLog = 0;
		};
/* End PBXShellScriptBuildPhase section */

/* Begin PBXSourcesBuildPhase section */
		1F4C24621CD5E55600D3B0DB /* Sources */ = {
			isa = PBXSourcesBuildPhase;
			buildActionMask = 2147483647;
			files = (
				32B848621DD03D23004247DA /* MainMenuViewController.swift in Sources */,
				329649221DCA21100078720A /* GameViewController.swift in Sources */,
				328125E71DE6912200E81EB4 /* SwipeViewController.swift in Sources */,
				32155F781E5DD915000238C8 /* SkinViewController.swift in Sources */,
				323E31BB1E548A060045F557 /* OnboardingView.swift in Sources */,
				323E31BC1E548A060045F557 /* OnboardViewController.swift in Sources */,
				32D80D421DCDE7AC00BF6274 /* PageViewController.swift in Sources */,
				32C496EF1DB7CF4100DFDAF9 /* GameScene.swift in Sources */,
				328125E91DE6913100E81EB4 /* SwipePageViewController.swift in Sources */,
				3262F13C1D49B7E90056D72B /* ViewController.swift in Sources */,
				32290C781DD08282002CBBF5 /* SettingViewController.swift in Sources */,
				1F4C246A1CD5E55600D3B0DB /* AppDelegate.swift in Sources */,
			);
			runOnlyForDeploymentPostprocessing = 0;
		};
		1F4C247A1CD5E55600D3B0DB /* Sources */ = {
			isa = PBXSourcesBuildPhase;
			buildActionMask = 2147483647;
			files = (
				3219926A1E4C962300B505E9 /* GameScene.swift in Sources */,
				1F4C24831CD5E55600D3B0DB /* ProjectZXCTests.swift in Sources */,
			);
			runOnlyForDeploymentPostprocessing = 0;
		};
		1F4C24851CD5E55600D3B0DB /* Sources */ = {
			isa = PBXSourcesBuildPhase;
			buildActionMask = 2147483647;
			files = (
				32C496EA1DB7CF0000DFDAF9 /* AppDelegate.swift in Sources */,
				32C496EC1DB7CF0000DFDAF9 /* ViewController.swift in Sources */,
				32C496ED1DB7CF0000DFDAF9 /* GameScene.swift in Sources */,
				1F4C248E1CD5E55600D3B0DB /* ProjectZXCUITests.swift in Sources */,
			);
			runOnlyForDeploymentPostprocessing = 0;
		};
/* End PBXSourcesBuildPhase section */

/* Begin PBXTargetDependency section */
		1F4C24801CD5E55600D3B0DB /* PBXTargetDependency */ = {
			isa = PBXTargetDependency;
			target = 1F4C24651CD5E55600D3B0DB /* ProjectZXC */;
			targetProxy = 1F4C247F1CD5E55600D3B0DB /* PBXContainerItemProxy */;
		};
		1F4C248B1CD5E55600D3B0DB /* PBXTargetDependency */ = {
			isa = PBXTargetDependency;
			target = 1F4C24651CD5E55600D3B0DB /* ProjectZXC */;
			targetProxy = 1F4C248A1CD5E55600D3B0DB /* PBXContainerItemProxy */;
		};
/* End PBXTargetDependency section */

/* Begin PBXVariantGroup section */
		1F4C24711CD5E55600D3B0DB /* Main.storyboard */ = {
			isa = PBXVariantGroup;
			children = (
				1F4C24721CD5E55600D3B0DB /* Base */,
			);
			name = Main.storyboard;
			sourceTree = "<group>";
		};
		1F4C24761CD5E55600D3B0DB /* LaunchScreen.storyboard */ = {
			isa = PBXVariantGroup;
			children = (
				1F4C24771CD5E55600D3B0DB /* Base */,
			);
			name = LaunchScreen.storyboard;
			sourceTree = "<group>";
		};
/* End PBXVariantGroup section */

/* Begin XCBuildConfiguration section */
		1F4C24901CD5E55600D3B0DB /* Debug */ = {
			isa = XCBuildConfiguration;
			buildSettings = {
				ALWAYS_SEARCH_USER_PATHS = NO;
				CLANG_ANALYZER_NONNULL = YES;
				CLANG_CXX_LANGUAGE_STANDARD = "gnu++0x";
				CLANG_CXX_LIBRARY = "libc++";
				CLANG_ENABLE_MODULES = YES;
				CLANG_ENABLE_OBJC_ARC = YES;
				CLANG_WARN_BOOL_CONVERSION = YES;
				CLANG_WARN_CONSTANT_CONVERSION = YES;
				CLANG_WARN_DIRECT_OBJC_ISA_USAGE = YES_ERROR;
				CLANG_WARN_EMPTY_BODY = YES;
				CLANG_WARN_ENUM_CONVERSION = YES;
				CLANG_WARN_INFINITE_RECURSION = YES;
				CLANG_WARN_INT_CONVERSION = YES;
				CLANG_WARN_OBJC_ROOT_CLASS = YES_ERROR;
				CLANG_WARN_SUSPICIOUS_MOVE = YES;
				CLANG_WARN_UNREACHABLE_CODE = YES;
				CLANG_WARN__DUPLICATE_METHOD_MATCH = YES;
				"CODE_SIGN_IDENTITY[sdk=iphoneos*]" = "iPhone Developer";
				COPY_PHASE_STRIP = NO;
				DEBUG_INFORMATION_FORMAT = "dwarf-with-dsym";
				ENABLE_STRICT_OBJC_MSGSEND = YES;
				ENABLE_TESTABILITY = YES;
				GCC_C_LANGUAGE_STANDARD = gnu99;
				GCC_DYNAMIC_NO_PIC = NO;
				GCC_NO_COMMON_BLOCKS = YES;
				GCC_OPTIMIZATION_LEVEL = 0;
				GCC_PREPROCESSOR_DEFINITIONS = (
					"DEBUG=1",
					"$(inherited)",
				);
				GCC_WARN_64_TO_32_BIT_CONVERSION = YES;
				GCC_WARN_ABOUT_RETURN_TYPE = YES_ERROR;
				GCC_WARN_UNDECLARED_SELECTOR = YES;
				GCC_WARN_UNINITIALIZED_AUTOS = YES_AGGRESSIVE;
				GCC_WARN_UNUSED_FUNCTION = YES;
				GCC_WARN_UNUSED_VARIABLE = YES;
				IPHONEOS_DEPLOYMENT_TARGET = 9.0;
				MTL_ENABLE_DEBUG_INFO = YES;
				ONLY_ACTIVE_ARCH = YES;
				SDKROOT = iphoneos;
				SWIFT_OPTIMIZATION_LEVEL = "-Onone";
				TARGETED_DEVICE_FAMILY = "1,2";
			};
			name = Debug;
		};
		1F4C24911CD5E55600D3B0DB /* Release */ = {
			isa = XCBuildConfiguration;
			buildSettings = {
				ALWAYS_SEARCH_USER_PATHS = NO;
				CLANG_ANALYZER_NONNULL = YES;
				CLANG_CXX_LANGUAGE_STANDARD = "gnu++0x";
				CLANG_CXX_LIBRARY = "libc++";
				CLANG_ENABLE_MODULES = YES;
				CLANG_ENABLE_OBJC_ARC = YES;
				CLANG_WARN_BOOL_CONVERSION = YES;
				CLANG_WARN_CONSTANT_CONVERSION = YES;
				CLANG_WARN_DIRECT_OBJC_ISA_USAGE = YES_ERROR;
				CLANG_WARN_EMPTY_BODY = YES;
				CLANG_WARN_ENUM_CONVERSION = YES;
				CLANG_WARN_INFINITE_RECURSION = YES;
				CLANG_WARN_INT_CONVERSION = YES;
				CLANG_WARN_OBJC_ROOT_CLASS = YES_ERROR;
				CLANG_WARN_SUSPICIOUS_MOVE = YES;
				CLANG_WARN_UNREACHABLE_CODE = YES;
				CLANG_WARN__DUPLICATE_METHOD_MATCH = YES;
				"CODE_SIGN_IDENTITY[sdk=iphoneos*]" = "iPhone Developer";
				COPY_PHASE_STRIP = NO;
				DEBUG_INFORMATION_FORMAT = "dwarf-with-dsym";
				ENABLE_NS_ASSERTIONS = NO;
				ENABLE_STRICT_OBJC_MSGSEND = YES;
				GCC_C_LANGUAGE_STANDARD = gnu99;
				GCC_NO_COMMON_BLOCKS = YES;
				GCC_WARN_64_TO_32_BIT_CONVERSION = YES;
				GCC_WARN_ABOUT_RETURN_TYPE = YES_ERROR;
				GCC_WARN_UNDECLARED_SELECTOR = YES;
				GCC_WARN_UNINITIALIZED_AUTOS = YES_AGGRESSIVE;
				GCC_WARN_UNUSED_FUNCTION = YES;
				GCC_WARN_UNUSED_VARIABLE = YES;
				IPHONEOS_DEPLOYMENT_TARGET = 9.0;
				MTL_ENABLE_DEBUG_INFO = NO;
				SDKROOT = iphoneos;
				SWIFT_OPTIMIZATION_LEVEL = "-Owholemodule";
				TARGETED_DEVICE_FAMILY = "1,2";
				VALIDATE_PRODUCT = YES;
			};
			name = Release;
		};
		1F4C24931CD5E55600D3B0DB /* Debug */ = {
			isa = XCBuildConfiguration;
			baseConfigurationReference = 2DE713DA61C2CC29BACF93E0 /* Pods-ProjectZXC.debug.xcconfig */;
			buildSettings = {
				ASSETCATALOG_COMPILER_APPICON_NAME = AppIcon;
				CODE_SIGN_IDENTITY = "iPhone Developer";
				"CODE_SIGN_IDENTITY[sdk=iphoneos*]" = "iPhone Developer";
				DEVELOPMENT_TEAM = WKK4K5T5H2;
				FRAMEWORK_SEARCH_PATHS = (
					"$(inherited)",
					"$(PROJECT_DIR)/Pods/FirebaseAnalytics/Frameworks/frameworks",
					"$(PROJECT_DIR)/build/Debug-iphoneos/Onboard",
					"$(PROJECT_DIR)/Pods/FirebaseAnalytics/Frameworks",
				);
				INFOPLIST_FILE = ProjectZXC/Info.plist;
				IPHONEOS_DEPLOYMENT_TARGET = 9.0;
				LD_RUNPATH_SEARCH_PATHS = "$(inherited) @executable_path/Frameworks";
				LIBRARY_SEARCH_PATHS = (
					"$(inherited)",
					"$(PROJECT_DIR)/Pods/Flurry-iOS-SDK/Flurry",
					"$(PROJECT_DIR)/Pods/FirebaseAnalytics/Frameworks/FirebaseAnalytics.framework",
				);
				PRODUCT_BUNDLE_IDENTIFIER = com.theklasterstorm.projectzxc;
				PRODUCT_NAME = "$(TARGET_NAME)";
				PROVISIONING_PROFILE = "";
				SWIFT_DISABLE_SAFETY_CHECKS = NO;
				SWIFT_OBJC_BRIDGING_HEADER = "ProjectZXC/ProjectZXC-Bridging-Header.h";
				SWIFT_VERSION = 3.0;
				TARGETED_DEVICE_FAMILY = 1;
			};
			name = Debug;
		};
		1F4C24941CD5E55600D3B0DB /* Release */ = {
			isa = XCBuildConfiguration;
			baseConfigurationReference = 1006E196910BF310615FF394 /* Pods-ProjectZXC.release.xcconfig */;
			buildSettings = {
				ASSETCATALOG_COMPILER_APPICON_NAME = AppIcon;
				CODE_SIGN_IDENTITY = "iPhone Developer";
				"CODE_SIGN_IDENTITY[sdk=iphoneos*]" = "iPhone Developer";
				DEVELOPMENT_TEAM = WKK4K5T5H2;
				FRAMEWORK_SEARCH_PATHS = (
					"$(inherited)",
					"$(PROJECT_DIR)/Pods/FirebaseAnalytics/Frameworks/frameworks",
					"$(PROJECT_DIR)/build/Debug-iphoneos/Onboard",
					"$(PROJECT_DIR)/Pods/FirebaseAnalytics/Frameworks",
				);
				INFOPLIST_FILE = ProjectZXC/Info.plist;
				IPHONEOS_DEPLOYMENT_TARGET = 9.0;
				LD_RUNPATH_SEARCH_PATHS = "$(inherited) @executable_path/Frameworks";
				LIBRARY_SEARCH_PATHS = (
					"$(inherited)",
					"$(PROJECT_DIR)/Pods/Flurry-iOS-SDK/Flurry",
					"$(PROJECT_DIR)/Pods/FirebaseAnalytics/Frameworks/FirebaseAnalytics.framework",
				);
				PRODUCT_BUNDLE_IDENTIFIER = com.theklasterstorm.projectzxc;
				PRODUCT_NAME = "$(TARGET_NAME)";
				PROVISIONING_PROFILE = "";
				SWIFT_DISABLE_SAFETY_CHECKS = NO;
				SWIFT_OBJC_BRIDGING_HEADER = "ProjectZXC/ProjectZXC-Bridging-Header.h";
				SWIFT_VERSION = 3.0;
				TARGETED_DEVICE_FAMILY = 1;
			};
			name = Release;
		};
		1F4C24961CD5E55600D3B0DB /* Debug */ = {
			isa = XCBuildConfiguration;
			buildSettings = {
				BUNDLE_LOADER = "$(TEST_HOST)";
				DEBUG_INFORMATION_FORMAT = dwarf;
				INFOPLIST_FILE = ProjectZXCTests/Info.plist;
				LD_RUNPATH_SEARCH_PATHS = "$(inherited) @executable_path/Frameworks @loader_path/Frameworks";
				PRODUCT_BUNDLE_IDENTIFIER = KLASTER.ProjectZXCTests;
				PRODUCT_NAME = "$(TARGET_NAME)";
				SWIFT_VERSION = 3.0;
				TEST_HOST = "$(BUILT_PRODUCTS_DIR)/ProjectZXC.app/ProjectZXC";
			};
			name = Debug;
		};
		1F4C24971CD5E55600D3B0DB /* Release */ = {
			isa = XCBuildConfiguration;
			buildSettings = {
				BUNDLE_LOADER = "$(TEST_HOST)";
				INFOPLIST_FILE = ProjectZXCTests/Info.plist;
				LD_RUNPATH_SEARCH_PATHS = "$(inherited) @executable_path/Frameworks @loader_path/Frameworks";
				PRODUCT_BUNDLE_IDENTIFIER = KLASTER.ProjectZXCTests;
				PRODUCT_NAME = "$(TARGET_NAME)";
				SWIFT_VERSION = 3.0;
				TEST_HOST = "$(BUILT_PRODUCTS_DIR)/ProjectZXC.app/ProjectZXC";
			};
			name = Release;
		};
		1F4C24991CD5E55600D3B0DB /* Debug */ = {
			isa = XCBuildConfiguration;
			buildSettings = {
				DEBUG_INFORMATION_FORMAT = dwarf;
				INFOPLIST_FILE = ProjectZXCUITests/Info.plist;
				LD_RUNPATH_SEARCH_PATHS = "$(inherited) @executable_path/Frameworks @loader_path/Frameworks";
				PRODUCT_BUNDLE_IDENTIFIER = KLASTER.ProjectZXCUITests;
				PRODUCT_NAME = "$(TARGET_NAME)";
				SWIFT_VERSION = 3.0;
				TEST_TARGET_NAME = ProjectZXC;
			};
			name = Debug;
		};
		1F4C249A1CD5E55600D3B0DB /* Release */ = {
			isa = XCBuildConfiguration;
			buildSettings = {
				INFOPLIST_FILE = ProjectZXCUITests/Info.plist;
				LD_RUNPATH_SEARCH_PATHS = "$(inherited) @executable_path/Frameworks @loader_path/Frameworks";
				PRODUCT_BUNDLE_IDENTIFIER = KLASTER.ProjectZXCUITests;
				PRODUCT_NAME = "$(TARGET_NAME)";
				SWIFT_VERSION = 3.0;
				TEST_TARGET_NAME = ProjectZXC;
			};
			name = Release;
		};
/* End XCBuildConfiguration section */

/* Begin XCConfigurationList section */
		1F4C24611CD5E55600D3B0DB /* Build configuration list for PBXProject "ProjectZXC" */ = {
			isa = XCConfigurationList;
			buildConfigurations = (
				1F4C24901CD5E55600D3B0DB /* Debug */,
				1F4C24911CD5E55600D3B0DB /* Release */,
			);
			defaultConfigurationIsVisible = 0;
			defaultConfigurationName = Release;
		};
		1F4C24921CD5E55600D3B0DB /* Build configuration list for PBXNativeTarget "ProjectZXC" */ = {
			isa = XCConfigurationList;
			buildConfigurations = (
				1F4C24931CD5E55600D3B0DB /* Debug */,
				1F4C24941CD5E55600D3B0DB /* Release */,
			);
			defaultConfigurationIsVisible = 0;
			defaultConfigurationName = Release;
		};
		1F4C24951CD5E55600D3B0DB /* Build configuration list for PBXNativeTarget "ProjectZXCTests" */ = {
			isa = XCConfigurationList;
			buildConfigurations = (
				1F4C24961CD5E55600D3B0DB /* Debug */,
				1F4C24971CD5E55600D3B0DB /* Release */,
			);
			defaultConfigurationIsVisible = 0;
			defaultConfigurationName = Release;
		};
		1F4C24981CD5E55600D3B0DB /* Build configuration list for PBXNativeTarget "ProjectZXCUITests" */ = {
			isa = XCConfigurationList;
			buildConfigurations = (
				1F4C24991CD5E55600D3B0DB /* Debug */,
				1F4C249A1CD5E55600D3B0DB /* Release */,
			);
			defaultConfigurationIsVisible = 0;
			defaultConfigurationName = Release;
		};
/* End XCConfigurationList section */
	};
	rootObject = 1F4C245E1CD5E55600D3B0DB /* Project object */;
}
